// !$*UTF8*$!
{
	archiveVersion = 1;
	classes = {
	};
	objectVersion = 46;
	objects = {

/* Begin PBXBuildFile section */
		3613BE471BB9CF6000F1AF67 /* TimeUtilities.m in Sources */ = {isa = PBXBuildFile; fileRef = 3613BE461BB9CF6000F1AF67 /* TimeUtilities.m */; };
		3613BE4A1BBA330000F1AF67 /* OOMapMarker.m in Sources */ = {isa = PBXBuildFile; fileRef = 3613BE491BBA330000F1AF67 /* OOMapMarker.m */; };
		3613BE4C1BBC641C00F1AF67 /* strip_gradient.png in Resources */ = {isa = PBXBuildFile; fileRef = 3613BE4B1BBC641C00F1AF67 /* strip_gradient.png */; };
		3613BE4F1BBCBDF700F1AF67 /* OOTagButton.m in Sources */ = {isa = PBXBuildFile; fileRef = 3613BE4E1BBCBDF700F1AF67 /* OOTagButton.m */; };
		3613BE521BBCFB7000F1AF67 /* EmptyRestaurantTile.m in Sources */ = {isa = PBXBuildFile; fileRef = 3613BE511BBCFB7000F1AF67 /* EmptyRestaurantTile.m */; };
		3613BE551BBDD1A600F1AF67 /* MediaItemObject.m in Sources */ = {isa = PBXBuildFile; fileRef = 3613BE541BBDD1A600F1AF67 /* MediaItemObject.m */; };
		3613BE581BBE278400F1AF67 /* ListTVCell.m in Sources */ = {isa = PBXBuildFile; fileRef = 3613BE571BBE278400F1AF67 /* ListTVCell.m */; };
		3613BE5B1BC445A700F1AF67 /* OOFilterView.m in Sources */ = {isa = PBXBuildFile; fileRef = 3613BE5A1BC445A700F1AF67 /* OOFilterView.m */; };
		3613BE5E1BC46BE800F1AF67 /* FilterObject.m in Sources */ = {isa = PBXBuildFile; fileRef = 3613BE5D1BC46BE800F1AF67 /* FilterObject.m */; };
		3613BE611BC5D87E00F1AF67 /* ListsVC.m in Sources */ = {isa = PBXBuildFile; fileRef = 3613BE5F1BC5D87E00F1AF67 /* ListsVC.m */; };
		3621F11B1B8E6A06004537B6 /* MenuTVC.m in Sources */ = {isa = PBXBuildFile; fileRef = 3621F11A1B8E6A06004537B6 /* MenuTVC.m */; };
		3621F11F1B8F6E32004537B6 /* MenuTVCell.m in Sources */ = {isa = PBXBuildFile; fileRef = 3621F11E1B8F6E32004537B6 /* MenuTVCell.m */; };
		3621F1221B8F7E7A004537B6 /* MenuObject.m in Sources */ = {isa = PBXBuildFile; fileRef = 3621F1211B8F7E7A004537B6 /* MenuObject.m */; };
		3621F1251B900EC7004537B6 /* Logo.png in Resources */ = {isa = PBXBuildFile; fileRef = 3621F1231B900EC7004537B6 /* Logo.png */; };
		3621F1261B900EC7004537B6 /* Logo2.png in Resources */ = {isa = PBXBuildFile; fileRef = 3621F1241B900EC7004537B6 /* Logo2.png */; };
		3621F1291B9014DD004537B6 /* ProfileVC.m in Sources */ = {isa = PBXBuildFile; fileRef = 3621F1281B9014DD004537B6 /* ProfileVC.m */; };
		3621F12C1B901D24004537B6 /* BaseVC.m in Sources */ = {isa = PBXBuildFile; fileRef = 3621F12B1B901D24004537B6 /* BaseVC.m */; };
		36250BDC1B82679A00F456B5 /* LoginVC.m in Sources */ = {isa = PBXBuildFile; fileRef = 36250BDB1B82679A00F456B5 /* LoginVC.m */; };
		36250BDF1B82704300F456B5 /* FBSDKLoginKit.framework in Frameworks */ = {isa = PBXBuildFile; fileRef = 36250BDD1B82704300F456B5 /* FBSDKLoginKit.framework */; };
		36250BE01B82704300F456B5 /* FBSDKShareKit.framework in Frameworks */ = {isa = PBXBuildFile; fileRef = 36250BDE1B82704300F456B5 /* FBSDKShareKit.framework */; };
		3637E93B1BB439290074A01C /* RestaurantTVCell.m in Sources */ = {isa = PBXBuildFile; fileRef = 3637E93A1BB439290074A01C /* RestaurantTVCell.m */; };
		3637E93D1BB5B6D10074A01C /* CommonConstants.m in Sources */ = {isa = PBXBuildFile; fileRef = 3637E93C1BB5B6D10074A01C /* CommonConstants.m */; };
		363B60C11B6AC15400987A1B /* RestaurantObject.m in Sources */ = {isa = PBXBuildFile; fileRef = 363B60C01B6AC15400987A1B /* RestaurantObject.m */; };
		363B60C41B6AE49F00987A1B /* UserObject.m in Sources */ = {isa = PBXBuildFile; fileRef = 363B60C31B6AE49F00987A1B /* UserObject.m */; };
		363B60C71B6BF0CE00987A1B /* GroupObject.m in Sources */ = {isa = PBXBuildFile; fileRef = 363B60C61B6BF0CE00987A1B /* GroupObject.m */; };
		36587B711B93964C00D01EB5 /* Icon@2x.png in Resources */ = {isa = PBXBuildFile; fileRef = 36587B6F1B93964C00D01EB5 /* Icon@2x.png */; };
		36587B721B93964C00D01EB5 /* Icon@3x.png in Resources */ = {isa = PBXBuildFile; fileRef = 36587B701B93964C00D01EB5 /* Icon@3x.png */; };
		36587B751B93C7AD00D01EB5 /* ListCVFL.m in Sources */ = {isa = PBXBuildFile; fileRef = 36587B741B93C7AD00D01EB5 /* ListCVFL.m */; };
		36587B7B1B9423D700D01EB5 /* TileCVCell.m in Sources */ = {isa = PBXBuildFile; fileRef = 36587B7A1B9423D700D01EB5 /* TileCVCell.m */; };
		365F175E1B91046B00015D5D /* DefaultVC.m in Sources */ = {isa = PBXBuildFile; fileRef = 365F175C1B91046B00015D5D /* DefaultVC.m */; };
		365F17611B9105B500015D5D /* ListStripTVCell.m in Sources */ = {isa = PBXBuildFile; fileRef = 365F17601B9105B500015D5D /* ListStripTVCell.m */; };
		366B623F1B8D3ED700B9F1C5 /* SWRevealViewController.m in Sources */ = {isa = PBXBuildFile; fileRef = 366B623E1B8D3ED700B9F1C5 /* SWRevealViewController.m */; };
		366BBC8B1BA8B70100292F80 /* NavTitleView.m in Sources */ = {isa = PBXBuildFile; fileRef = 366BBC8A1BA8B70100292F80 /* NavTitleView.m */; };
		366BBC8E1BA8B74A00292F80 /* NavTitleObject.m in Sources */ = {isa = PBXBuildFile; fileRef = 366BBC8D1BA8B74A00292F80 /* NavTitleObject.m */; };
		366BBC911BA8DEB400292F80 /* SettingsVC.m in Sources */ = {isa = PBXBuildFile; fileRef = 366BBC8F1BA8DEB400292F80 /* SettingsVC.m */; };
		366BBC941BA8E59F00292F80 /* DiscoverVC.m in Sources */ = {isa = PBXBuildFile; fileRef = 366BBC921BA8E59F00292F80 /* DiscoverVC.m */; };
		366BBC971BA9304900292F80 /* SubBaseVC.m in Sources */ = {isa = PBXBuildFile; fileRef = 366BBC961BA9304900292F80 /* SubBaseVC.m */; };
		367112CE1B9A076B006FDCE7 /* ImageRefObject.m in Sources */ = {isa = PBXBuildFile; fileRef = 367112CD1B9A076B006FDCE7 /* ImageRefObject.m */; };
		367112D11BA13E69006FDCE7 /* ObjectTVCell.m in Sources */ = {isa = PBXBuildFile; fileRef = 367112D01BA13E69006FDCE7 /* ObjectTVCell.m */; };
		367112D41BA14071006FDCE7 /* RestaurantListVC.m in Sources */ = {isa = PBXBuildFile; fileRef = 367112D31BA14071006FDCE7 /* RestaurantListVC.m */; };
		367703FB1B86884700B594E5 /* CommonUIConstants.m in Sources */ = {isa = PBXBuildFile; fileRef = 367703FA1B86884700B594E5 /* CommonUIConstants.m */; };
		367704051B8807F600B594E5 /* UIButton+Additions.m in Sources */ = {isa = PBXBuildFile; fileRef = 367704041B8807F600B594E5 /* UIButton+Additions.m */; };
		367704081B88103900B594E5 /* UIImage+Additions.m in Sources */ = {isa = PBXBuildFile; fileRef = 367704071B88103900B594E5 /* UIImage+Additions.m */; };
		3677040B1B8816C300B594E5 /* UILabel+Additions.m in Sources */ = {isa = PBXBuildFile; fileRef = 3677040A1B8816C300B594E5 /* UILabel+Additions.m */; };
		367704371B88552E00B594E5 /* background-image.jpg in Resources */ = {isa = PBXBuildFile; fileRef = 367704361B88552E00B594E5 /* background-image.jpg */; };
		367704511B8BF05100B594E5 /* Lato-Black.ttf in Resources */ = {isa = PBXBuildFile; fileRef = 3677043D1B8BF05100B594E5 /* Lato-Black.ttf */; };
		367704521B8BF05100B594E5 /* Lato-BlackItalic.ttf in Resources */ = {isa = PBXBuildFile; fileRef = 3677043E1B8BF05100B594E5 /* Lato-BlackItalic.ttf */; };
		367704531B8BF05100B594E5 /* Lato-Bold.ttf in Resources */ = {isa = PBXBuildFile; fileRef = 3677043F1B8BF05100B594E5 /* Lato-Bold.ttf */; };
		367704541B8BF05100B594E5 /* Lato-BoldItalic.ttf in Resources */ = {isa = PBXBuildFile; fileRef = 367704401B8BF05100B594E5 /* Lato-BoldItalic.ttf */; };
		367704551B8BF05100B594E5 /* Lato-Hairline.ttf in Resources */ = {isa = PBXBuildFile; fileRef = 367704411B8BF05100B594E5 /* Lato-Hairline.ttf */; };
		367704561B8BF05100B594E5 /* Lato-HairlineItalic.ttf in Resources */ = {isa = PBXBuildFile; fileRef = 367704421B8BF05100B594E5 /* Lato-HairlineItalic.ttf */; };
		367704571B8BF05100B594E5 /* Lato-Heavy.ttf in Resources */ = {isa = PBXBuildFile; fileRef = 367704431B8BF05100B594E5 /* Lato-Heavy.ttf */; };
		367704581B8BF05100B594E5 /* Lato-HeavyItalic.ttf in Resources */ = {isa = PBXBuildFile; fileRef = 367704441B8BF05100B594E5 /* Lato-HeavyItalic.ttf */; };
		367704591B8BF05100B594E5 /* Lato-Italic.ttf in Resources */ = {isa = PBXBuildFile; fileRef = 367704451B8BF05100B594E5 /* Lato-Italic.ttf */; };
		3677045A1B8BF05100B594E5 /* Lato-Light.ttf in Resources */ = {isa = PBXBuildFile; fileRef = 367704461B8BF05100B594E5 /* Lato-Light.ttf */; };
		3677045B1B8BF05100B594E5 /* Lato-LightItalic.ttf in Resources */ = {isa = PBXBuildFile; fileRef = 367704471B8BF05100B594E5 /* Lato-LightItalic.ttf */; };
		3677045C1B8BF05100B594E5 /* Lato-Medium.ttf in Resources */ = {isa = PBXBuildFile; fileRef = 367704481B8BF05100B594E5 /* Lato-Medium.ttf */; };
		3677045D1B8BF05100B594E5 /* Lato-MediumItalic.ttf in Resources */ = {isa = PBXBuildFile; fileRef = 367704491B8BF05100B594E5 /* Lato-MediumItalic.ttf */; };
		3677045E1B8BF05100B594E5 /* Lato-Regular.ttf in Resources */ = {isa = PBXBuildFile; fileRef = 3677044A1B8BF05100B594E5 /* Lato-Regular.ttf */; };
		3677045F1B8BF05100B594E5 /* Lato-Semibold.ttf in Resources */ = {isa = PBXBuildFile; fileRef = 3677044B1B8BF05100B594E5 /* Lato-Semibold.ttf */; };
		367704601B8BF05100B594E5 /* Lato-SemiboldItalic.ttf in Resources */ = {isa = PBXBuildFile; fileRef = 3677044C1B8BF05100B594E5 /* Lato-SemiboldItalic.ttf */; };
		367704611B8BF05100B594E5 /* Lato-Thin.ttf in Resources */ = {isa = PBXBuildFile; fileRef = 3677044D1B8BF05100B594E5 /* Lato-Thin.ttf */; };
		367704621B8BF05100B594E5 /* Lato-ThinItalic.ttf in Resources */ = {isa = PBXBuildFile; fileRef = 3677044E1B8BF05100B594E5 /* Lato-ThinItalic.ttf */; };
		367704631B8BF05100B594E5 /* OFL.txt in Resources */ = {isa = PBXBuildFile; fileRef = 3677044F1B8BF05100B594E5 /* OFL.txt */; };
		367704641B8BF05100B594E5 /* README.txt in Resources */ = {isa = PBXBuildFile; fileRef = 367704501B8BF05100B594E5 /* README.txt */; };
		3679D2051BAC8887004BF4DC /* oomami-icons.ttf in Resources */ = {isa = PBXBuildFile; fileRef = 3679D2041BAC8887004BF4DC /* oomami-icons.ttf */; };
		367B45371BCCA9B100E96B69 /* RestaurantVCCVL.m in Sources */ = {isa = PBXBuildFile; fileRef = 367B45361BCCA9B100E96B69 /* RestaurantVCCVL.m */; };
		367B453A1BCE3A7200E96B69 /* PhotoCVCell.m in Sources */ = {isa = PBXBuildFile; fileRef = 367B45391BCE3A7200E96B69 /* PhotoCVCell.m */; };
		367B453D1BCE62BC00E96B69 /* RestaurantMainCVCell.m in Sources */ = {isa = PBXBuildFile; fileRef = 367B453C1BCE62BC00E96B69 /* RestaurantMainCVCell.m */; };
		367B45401BD06AB600E96B69 /* OOStripHeader.m in Sources */ = {isa = PBXBuildFile; fileRef = 367B453F1BD06AB600E96B69 /* OOStripHeader.m */; };
		3686490C1BE04B73003BF98B /* UIImageEffects.m in Sources */ = {isa = PBXBuildFile; fileRef = 3686490B1BE04B73003BF98B /* UIImageEffects.m */; };
		3686490F1BE09CF3003BF98B /* OOActivityItemProvider.m in Sources */ = {isa = PBXBuildFile; fileRef = 3686490E1BE09CF3003BF98B /* OOActivityItemProvider.m */; };
		3690BFD41B745A9200BC7528 /* OOAPI.m in Sources */ = {isa = PBXBuildFile; fileRef = 3690BFD31B745A9200BC7528 /* OOAPI.m */; };
		36BBD9D81BA767C20008DCF1 /* RestaurantVC.m in Sources */ = {isa = PBXBuildFile; fileRef = 36BBD9D71BA767C20008DCF1 /* RestaurantVC.m */; };
		36C39BE11B84C7CD00648879 /* DebugUtilities.m in Sources */ = {isa = PBXBuildFile; fileRef = 36C39BE01B84C7CD00648879 /* DebugUtilities.m */; };
		36D5D21A1B69DA48009EE877 /* OONetworkManager.m in Sources */ = {isa = PBXBuildFile; fileRef = 36D5D2191B69DA48009EE877 /* OONetworkManager.m */; };
		36DD24261B7C88E800C6348F /* EventObject.m in Sources */ = {isa = PBXBuildFile; fileRef = 36DD24251B7C88E800C6348F /* EventObject.m */; };
		36DD24281B7D723B00C6348F /* FBSDKCoreKit.framework in Frameworks */ = {isa = PBXBuildFile; fileRef = 36DD24271B7D723A00C6348F /* FBSDKCoreKit.framework */; };
		36F7F6901BDAB02F000F8C32 /* HoursOpen.m in Sources */ = {isa = PBXBuildFile; fileRef = 36F7F68F1BDAB02F000F8C32 /* HoursOpen.m */; };
		36F872D91B919BC200006C29 /* ListObject.m in Sources */ = {isa = PBXBuildFile; fileRef = 36F872D81B919BC200006C29 /* ListObject.m */; };
		36FDA6F61B585F650029D29D /* main.m in Sources */ = {isa = PBXBuildFile; fileRef = 36FDA6F51B585F650029D29D /* main.m */; };
		36FDA6F91B585F650029D29D /* AppDelegate.m in Sources */ = {isa = PBXBuildFile; fileRef = 36FDA6F81B585F650029D29D /* AppDelegate.m */; };
		36FDA6FC1B585F650029D29D /* WhatsNewVC.m in Sources */ = {isa = PBXBuildFile; fileRef = 36FDA6FB1B585F650029D29D /* WhatsNewVC.m */; };
		36FDA6FF1B585F650029D29D /* PlayVC.m in Sources */ = {isa = PBXBuildFile; fileRef = 36FDA6FE1B585F650029D29D /* PlayVC.m */; };
		36FDA7021B585F650029D29D /* Main.storyboard in Resources */ = {isa = PBXBuildFile; fileRef = 36FDA7001B585F650029D29D /* Main.storyboard */; };
		36FDA7041B585F650029D29D /* Images.xcassets in Resources */ = {isa = PBXBuildFile; fileRef = 36FDA7031B585F650029D29D /* Images.xcassets */; };
		36FDA7071B585F650029D29D /* LaunchScreen.xib in Resources */ = {isa = PBXBuildFile; fileRef = 36FDA7051B585F650029D29D /* LaunchScreen.xib */; };
		36FDA7131B585F650029D29D /* ooAppTests.m in Sources */ = {isa = PBXBuildFile; fileRef = 36FDA7121B585F650029D29D /* ooAppTests.m */; };
		46D52CAEB19A46D0AB43E61E /* libPods.a in Frameworks */ = {isa = PBXBuildFile; fileRef = 46FE088B27B54BA7AAE65CC4 /* libPods.a */; };
		9606C5651BBF08C400CB06FE /* EventsListVC.m in Sources */ = {isa = PBXBuildFile; fileRef = 9606C5641BBF08C400CB06FE /* EventsListVC.m */; };
		962303751BB33D2700278FA6 /* forkKnife.png in Resources */ = {isa = PBXBuildFile; fileRef = 962303741BB33D2700278FA6 /* forkKnife.png */; };
		962667471BBC8C9600D77EBE /* UserTVCell.m in Sources */ = {isa = PBXBuildFile; fileRef = 962667461BBC8C9600D77EBE /* UserTVCell.m */; };
		962B00C31BD95D22008790FD /* VoteObject.m in Sources */ = {isa = PBXBuildFile; fileRef = 962B00C21BD95D22008790FD /* VoteObject.m */; };
		963E33951BE022E300C872D0 /* Huge.jpg in Resources */ = {isa = PBXBuildFile; fileRef = 963E33941BE022E300C872D0 /* Huge.jpg */; };
		964BC81E1B97935F00760C83 /* Settings.m in Sources */ = {isa = PBXBuildFile; fileRef = 964BC81D1B97935F00760C83 /* Settings.m */; };
		964BC8211B97A4E700760C83 /* LocationManager.m in Sources */ = {isa = PBXBuildFile; fileRef = 964BC81F1B97A4E700760C83 /* LocationManager.m */; };
		965A1A971BBA05B500727773 /* SearchVC.m in Sources */ = {isa = PBXBuildFile; fileRef = 965A1A961BBA05B500727773 /* SearchVC.m */; };
		966E083A1BC6E38800A4B866 /* EventWhoVC.m in Sources */ = {isa = PBXBuildFile; fileRef = 966E08391BC6E38800A4B866 /* EventWhoVC.m */; };
		967124961BB5E6A900F28904 /* DiagnosticVC.m in Sources */ = {isa = PBXBuildFile; fileRef = 967124951BB5E6A900F28904 /* DiagnosticVC.m */; };
		96ACD7871BC3331000E37DC1 /* EventTVCell.m in Sources */ = {isa = PBXBuildFile; fileRef = 96ACD7861BC3331000E37DC1 /* EventTVCell.m */; };
		96ACD78A1BC3487E00E37DC1 /* EventCoordinatorVC.m in Sources */ = {isa = PBXBuildFile; fileRef = 96ACD7891BC3487E00E37DC1 /* EventCoordinatorVC.m */; };
		96BF31231BB36C55002BFDD2 /* CreateUsernameVC.m in Sources */ = {isa = PBXBuildFile; fileRef = 96BF31221BB36C55002BFDD2 /* CreateUsernameVC.m */; };
		96C3A3F41BC5F335009689E3 /* EventParticipantVC.m in Sources */ = {isa = PBXBuildFile; fileRef = 96C3A3F31BC5F335009689E3 /* EventParticipantVC.m */; };
		96CA59D01BE14C2E00618B57 /* UIKit.framework in Frameworks */ = {isa = PBXBuildFile; fileRef = 96CA59CF1BE14C2E00618B57 /* UIKit.framework */; };
		96CA59D21BE14E2200618B57 /* MessageUI.framework in Frameworks */ = {isa = PBXBuildFile; fileRef = 96CA59D11BE14E2200618B57 /* MessageUI.framework */; };
		96D175BB1BA76926000C88AC /* NSString+MD5.m in Sources */ = {isa = PBXBuildFile; fileRef = 96D175B91BA76926000C88AC /* NSString+MD5.m */; };
		96D35F7D1B9F879200A18A23 /* Common.m in Sources */ = {isa = PBXBuildFile; fileRef = 96D35F7C1B9F879200A18A23 /* Common.m */; };
		96E127B61BB32C6E00A8445E /* EmptyListVC.m in Sources */ = {isa = PBXBuildFile; fileRef = 96E127B51BB32C6E00A8445E /* EmptyListVC.m */; };
		96E270AF1BDAC001005BC4EC /* VotingResultsVC.m in Sources */ = {isa = PBXBuildFile; fileRef = 96E270AE1BDAC001005BC4EC /* VotingResultsVC.m */; };
		96E49E741BC5E14B008B70AF /* EventWhenVC.m in Sources */ = {isa = PBXBuildFile; fileRef = 96E49E731BC5E14B008B70AF /* EventWhenVC.m */; };
		96E954E21BDFF99100F5197A /* Reachability.m in Sources */ = {isa = PBXBuildFile; fileRef = 96E954E11BDFF99100F5197A /* Reachability.m */; };
		96F4C5621BB1E01C0009E9FE /* No-Profile_Image.png in Resources */ = {isa = PBXBuildFile; fileRef = 96F4C5601BB1E01C0009E9FE /* No-Profile_Image.png */; };
		96F4C5631BB1E01C0009E9FE /* No-Profile_Image(circled).png in Resources */ = {isa = PBXBuildFile; fileRef = 96F4C5611BB1E01C0009E9FE /* No-Profile_Image(circled).png */; };
/* End PBXBuildFile section */

/* Begin PBXContainerItemProxy section */
		36FDA70D1B585F650029D29D /* PBXContainerItemProxy */ = {
			isa = PBXContainerItemProxy;
			containerPortal = 36FDA6E81B585F650029D29D /* Project object */;
			proxyType = 1;
			remoteGlobalIDString = 36FDA6EF1B585F650029D29D;
			remoteInfo = ooApp;
		};
/* End PBXContainerItemProxy section */

/* Begin PBXFileReference section */
		2BB75701B92FE168B3785FD8 /* Pods.release.xcconfig */ = {isa = PBXFileReference; includeInIndex = 1; lastKnownFileType = text.xcconfig; name = Pods.release.xcconfig; path = "Pods/Target Support Files/Pods/Pods.release.xcconfig"; sourceTree = "<group>"; };
		3613BE451BB9CF6000F1AF67 /* TimeUtilities.h */ = {isa = PBXFileReference; fileEncoding = 4; lastKnownFileType = sourcecode.c.h; path = TimeUtilities.h; sourceTree = "<group>"; };
		3613BE461BB9CF6000F1AF67 /* TimeUtilities.m */ = {isa = PBXFileReference; fileEncoding = 4; lastKnownFileType = sourcecode.c.objc; path = TimeUtilities.m; sourceTree = "<group>"; };
		3613BE481BBA330000F1AF67 /* OOMapMarker.h */ = {isa = PBXFileReference; fileEncoding = 4; lastKnownFileType = sourcecode.c.h; path = OOMapMarker.h; sourceTree = "<group>"; };
		3613BE491BBA330000F1AF67 /* OOMapMarker.m */ = {isa = PBXFileReference; fileEncoding = 4; lastKnownFileType = sourcecode.c.objc; path = OOMapMarker.m; sourceTree = "<group>"; };
		3613BE4B1BBC641C00F1AF67 /* strip_gradient.png */ = {isa = PBXFileReference; lastKnownFileType = image.png; name = strip_gradient.png; path = "Graphic Assets/strip_gradient.png"; sourceTree = "<group>"; };
		3613BE4D1BBCBDF700F1AF67 /* OOTagButton.h */ = {isa = PBXFileReference; fileEncoding = 4; lastKnownFileType = sourcecode.c.h; path = OOTagButton.h; sourceTree = "<group>"; };
		3613BE4E1BBCBDF700F1AF67 /* OOTagButton.m */ = {isa = PBXFileReference; fileEncoding = 4; lastKnownFileType = sourcecode.c.objc; path = OOTagButton.m; sourceTree = "<group>"; };
		3613BE501BBCFB7000F1AF67 /* EmptyRestaurantTile.h */ = {isa = PBXFileReference; fileEncoding = 4; lastKnownFileType = sourcecode.c.h; path = EmptyRestaurantTile.h; sourceTree = "<group>"; };
		3613BE511BBCFB7000F1AF67 /* EmptyRestaurantTile.m */ = {isa = PBXFileReference; fileEncoding = 4; lastKnownFileType = sourcecode.c.objc; path = EmptyRestaurantTile.m; sourceTree = "<group>"; };
		3613BE531BBDD1A600F1AF67 /* MediaItemObject.h */ = {isa = PBXFileReference; fileEncoding = 4; lastKnownFileType = sourcecode.c.h; path = MediaItemObject.h; sourceTree = "<group>"; };
		3613BE541BBDD1A600F1AF67 /* MediaItemObject.m */ = {isa = PBXFileReference; fileEncoding = 4; lastKnownFileType = sourcecode.c.objc; path = MediaItemObject.m; sourceTree = "<group>"; };
		3613BE561BBE278400F1AF67 /* ListTVCell.h */ = {isa = PBXFileReference; fileEncoding = 4; lastKnownFileType = sourcecode.c.h; path = ListTVCell.h; sourceTree = "<group>"; };
		3613BE571BBE278400F1AF67 /* ListTVCell.m */ = {isa = PBXFileReference; fileEncoding = 4; lastKnownFileType = sourcecode.c.objc; path = ListTVCell.m; sourceTree = "<group>"; };
		3613BE591BC445A700F1AF67 /* OOFilterView.h */ = {isa = PBXFileReference; fileEncoding = 4; lastKnownFileType = sourcecode.c.h; path = OOFilterView.h; sourceTree = "<group>"; };
		3613BE5A1BC445A700F1AF67 /* OOFilterView.m */ = {isa = PBXFileReference; fileEncoding = 4; lastKnownFileType = sourcecode.c.objc; path = OOFilterView.m; sourceTree = "<group>"; };
		3613BE5C1BC46BE800F1AF67 /* FilterObject.h */ = {isa = PBXFileReference; fileEncoding = 4; lastKnownFileType = sourcecode.c.h; path = FilterObject.h; sourceTree = "<group>"; };
		3613BE5D1BC46BE800F1AF67 /* FilterObject.m */ = {isa = PBXFileReference; fileEncoding = 4; lastKnownFileType = sourcecode.c.objc; path = FilterObject.m; sourceTree = "<group>"; };
		3613BE5F1BC5D87E00F1AF67 /* ListsVC.m */ = {isa = PBXFileReference; fileEncoding = 4; lastKnownFileType = sourcecode.c.objc; path = ListsVC.m; sourceTree = "<group>"; };
		3613BE601BC5D87E00F1AF67 /* ListsVC.h */ = {isa = PBXFileReference; fileEncoding = 4; lastKnownFileType = sourcecode.c.h; path = ListsVC.h; sourceTree = "<group>"; };
		3621F1191B8E6A06004537B6 /* MenuTVC.h */ = {isa = PBXFileReference; fileEncoding = 4; lastKnownFileType = sourcecode.c.h; path = MenuTVC.h; sourceTree = "<group>"; };
		3621F11A1B8E6A06004537B6 /* MenuTVC.m */ = {isa = PBXFileReference; fileEncoding = 4; lastKnownFileType = sourcecode.c.objc; path = MenuTVC.m; sourceTree = "<group>"; };
		3621F11D1B8F6E32004537B6 /* MenuTVCell.h */ = {isa = PBXFileReference; fileEncoding = 4; lastKnownFileType = sourcecode.c.h; path = MenuTVCell.h; sourceTree = "<group>"; };
		3621F11E1B8F6E32004537B6 /* MenuTVCell.m */ = {isa = PBXFileReference; fileEncoding = 4; lastKnownFileType = sourcecode.c.objc; path = MenuTVCell.m; sourceTree = "<group>"; };
		3621F1201B8F7E7A004537B6 /* MenuObject.h */ = {isa = PBXFileReference; fileEncoding = 4; lastKnownFileType = sourcecode.c.h; path = MenuObject.h; sourceTree = "<group>"; };
		3621F1211B8F7E7A004537B6 /* MenuObject.m */ = {isa = PBXFileReference; fileEncoding = 4; lastKnownFileType = sourcecode.c.objc; path = MenuObject.m; sourceTree = "<group>"; };
		3621F1231B900EC7004537B6 /* Logo.png */ = {isa = PBXFileReference; lastKnownFileType = image.png; name = Logo.png; path = "Graphic Assets/Logo.png"; sourceTree = "<group>"; };
		3621F1241B900EC7004537B6 /* Logo2.png */ = {isa = PBXFileReference; lastKnownFileType = image.png; name = Logo2.png; path = "Graphic Assets/Logo2.png"; sourceTree = "<group>"; };
		3621F1271B9014DD004537B6 /* ProfileVC.h */ = {isa = PBXFileReference; fileEncoding = 4; lastKnownFileType = sourcecode.c.h; path = ProfileVC.h; sourceTree = "<group>"; };
		3621F1281B9014DD004537B6 /* ProfileVC.m */ = {isa = PBXFileReference; fileEncoding = 4; lastKnownFileType = sourcecode.c.objc; path = ProfileVC.m; sourceTree = "<group>"; };
		3621F12A1B901D24004537B6 /* BaseVC.h */ = {isa = PBXFileReference; fileEncoding = 4; lastKnownFileType = sourcecode.c.h; path = BaseVC.h; sourceTree = "<group>"; };
		3621F12B1B901D24004537B6 /* BaseVC.m */ = {isa = PBXFileReference; fileEncoding = 4; lastKnownFileType = sourcecode.c.objc; path = BaseVC.m; sourceTree = "<group>"; };
		36250BDA1B82679A00F456B5 /* LoginVC.h */ = {isa = PBXFileReference; fileEncoding = 4; lastKnownFileType = sourcecode.c.h; path = LoginVC.h; sourceTree = "<group>"; };
		36250BDB1B82679A00F456B5 /* LoginVC.m */ = {isa = PBXFileReference; fileEncoding = 4; lastKnownFileType = sourcecode.c.objc; path = LoginVC.m; sourceTree = "<group>"; };
		36250BDD1B82704300F456B5 /* FBSDKLoginKit.framework */ = {isa = PBXFileReference; lastKnownFileType = wrapper.framework; name = FBSDKLoginKit.framework; path = "../../../../Downloads/FacebookSDKs-iOS-20150810/FBSDKLoginKit.framework"; sourceTree = "<group>"; };
		36250BDE1B82704300F456B5 /* FBSDKShareKit.framework */ = {isa = PBXFileReference; lastKnownFileType = wrapper.framework; name = FBSDKShareKit.framework; path = "../../../../Downloads/FacebookSDKs-iOS-20150810/FBSDKShareKit.framework"; sourceTree = "<group>"; };
		3637E9391BB439290074A01C /* RestaurantTVCell.h */ = {isa = PBXFileReference; fileEncoding = 4; lastKnownFileType = sourcecode.c.h; path = RestaurantTVCell.h; sourceTree = "<group>"; };
		3637E93A1BB439290074A01C /* RestaurantTVCell.m */ = {isa = PBXFileReference; fileEncoding = 4; lastKnownFileType = sourcecode.c.objc; path = RestaurantTVCell.m; sourceTree = "<group>"; };
		3637E93C1BB5B6D10074A01C /* CommonConstants.m */ = {isa = PBXFileReference; fileEncoding = 4; lastKnownFileType = sourcecode.c.objc; path = CommonConstants.m; sourceTree = "<group>"; };
		363B60BF1B6AC15400987A1B /* RestaurantObject.h */ = {isa = PBXFileReference; fileEncoding = 4; lastKnownFileType = sourcecode.c.h; path = RestaurantObject.h; sourceTree = "<group>"; };
		363B60C01B6AC15400987A1B /* RestaurantObject.m */ = {isa = PBXFileReference; fileEncoding = 4; lastKnownFileType = sourcecode.c.objc; path = RestaurantObject.m; sourceTree = "<group>"; };
		363B60C21B6AE49F00987A1B /* UserObject.h */ = {isa = PBXFileReference; fileEncoding = 4; lastKnownFileType = sourcecode.c.h; path = UserObject.h; sourceTree = "<group>"; };
		363B60C31B6AE49F00987A1B /* UserObject.m */ = {isa = PBXFileReference; fileEncoding = 4; lastKnownFileType = sourcecode.c.objc; path = UserObject.m; sourceTree = "<group>"; };
		363B60C51B6BF0CE00987A1B /* GroupObject.h */ = {isa = PBXFileReference; fileEncoding = 4; lastKnownFileType = sourcecode.c.h; path = GroupObject.h; sourceTree = "<group>"; };
		363B60C61B6BF0CE00987A1B /* GroupObject.m */ = {isa = PBXFileReference; fileEncoding = 4; lastKnownFileType = sourcecode.c.objc; path = GroupObject.m; sourceTree = "<group>"; };
		363B60C91B6C22F000987A1B /* CommonConstants.h */ = {isa = PBXFileReference; lastKnownFileType = sourcecode.c.h; path = CommonConstants.h; sourceTree = "<group>"; };
		36587B6F1B93964C00D01EB5 /* Icon@2x.png */ = {isa = PBXFileReference; lastKnownFileType = image.png; name = "Icon@2x.png"; path = "Graphic Assets/Icon@2x.png"; sourceTree = "<group>"; };
		36587B701B93964C00D01EB5 /* Icon@3x.png */ = {isa = PBXFileReference; lastKnownFileType = image.png; name = "Icon@3x.png"; path = "Graphic Assets/Icon@3x.png"; sourceTree = "<group>"; };
		36587B731B93C7AD00D01EB5 /* ListCVFL.h */ = {isa = PBXFileReference; fileEncoding = 4; lastKnownFileType = sourcecode.c.h; path = ListCVFL.h; sourceTree = "<group>"; };
		36587B741B93C7AD00D01EB5 /* ListCVFL.m */ = {isa = PBXFileReference; fileEncoding = 4; lastKnownFileType = sourcecode.c.objc; path = ListCVFL.m; sourceTree = "<group>"; };
		36587B791B9423D700D01EB5 /* TileCVCell.h */ = {isa = PBXFileReference; fileEncoding = 4; lastKnownFileType = sourcecode.c.h; path = TileCVCell.h; sourceTree = "<group>"; };
		36587B7A1B9423D700D01EB5 /* TileCVCell.m */ = {isa = PBXFileReference; fileEncoding = 4; lastKnownFileType = sourcecode.c.objc; path = TileCVCell.m; sourceTree = "<group>"; };
		365F175C1B91046B00015D5D /* DefaultVC.m */ = {isa = PBXFileReference; fileEncoding = 4; lastKnownFileType = sourcecode.c.objc; path = DefaultVC.m; sourceTree = "<group>"; };
		365F175D1B91046B00015D5D /* DefaultVC.h */ = {isa = PBXFileReference; fileEncoding = 4; lastKnownFileType = sourcecode.c.h; path = DefaultVC.h; sourceTree = "<group>"; };
		365F175F1B9105B500015D5D /* ListStripTVCell.h */ = {isa = PBXFileReference; fileEncoding = 4; lastKnownFileType = sourcecode.c.h; path = ListStripTVCell.h; sourceTree = "<group>"; };
		365F17601B9105B500015D5D /* ListStripTVCell.m */ = {isa = PBXFileReference; fileEncoding = 4; lastKnownFileType = sourcecode.c.objc; path = ListStripTVCell.m; sourceTree = "<group>"; };
		366B623D1B8D3ED700B9F1C5 /* SWRevealViewController.h */ = {isa = PBXFileReference; fileEncoding = 4; lastKnownFileType = sourcecode.c.h; name = SWRevealViewController.h; path = External/SWRevealViewController/SWRevealViewController.h; sourceTree = "<group>"; };
		366B623E1B8D3ED700B9F1C5 /* SWRevealViewController.m */ = {isa = PBXFileReference; fileEncoding = 4; lastKnownFileType = sourcecode.c.objc; name = SWRevealViewController.m; path = External/SWRevealViewController/SWRevealViewController.m; sourceTree = "<group>"; };
		366BBC891BA8B70100292F80 /* NavTitleView.h */ = {isa = PBXFileReference; fileEncoding = 4; lastKnownFileType = sourcecode.c.h; path = NavTitleView.h; sourceTree = "<group>"; };
		366BBC8A1BA8B70100292F80 /* NavTitleView.m */ = {isa = PBXFileReference; fileEncoding = 4; lastKnownFileType = sourcecode.c.objc; path = NavTitleView.m; sourceTree = "<group>"; };
		366BBC8C1BA8B74A00292F80 /* NavTitleObject.h */ = {isa = PBXFileReference; fileEncoding = 4; lastKnownFileType = sourcecode.c.h; path = NavTitleObject.h; sourceTree = "<group>"; };
		366BBC8D1BA8B74A00292F80 /* NavTitleObject.m */ = {isa = PBXFileReference; fileEncoding = 4; lastKnownFileType = sourcecode.c.objc; path = NavTitleObject.m; sourceTree = "<group>"; };
		366BBC8F1BA8DEB400292F80 /* SettingsVC.m */ = {isa = PBXFileReference; fileEncoding = 4; lastKnownFileType = sourcecode.c.objc; path = SettingsVC.m; sourceTree = "<group>"; };
		366BBC901BA8DEB400292F80 /* SettingsVC.h */ = {isa = PBXFileReference; fileEncoding = 4; lastKnownFileType = sourcecode.c.h; path = SettingsVC.h; sourceTree = "<group>"; };
		366BBC921BA8E59F00292F80 /* DiscoverVC.m */ = {isa = PBXFileReference; fileEncoding = 4; lastKnownFileType = sourcecode.c.objc; path = DiscoverVC.m; sourceTree = "<group>"; };
		366BBC931BA8E59F00292F80 /* DiscoverVC.h */ = {isa = PBXFileReference; fileEncoding = 4; lastKnownFileType = sourcecode.c.h; path = DiscoverVC.h; sourceTree = "<group>"; };
		366BBC951BA9304900292F80 /* SubBaseVC.h */ = {isa = PBXFileReference; fileEncoding = 4; lastKnownFileType = sourcecode.c.h; path = SubBaseVC.h; sourceTree = "<group>"; };
		366BBC961BA9304900292F80 /* SubBaseVC.m */ = {isa = PBXFileReference; fileEncoding = 4; lastKnownFileType = sourcecode.c.objc; path = SubBaseVC.m; sourceTree = "<group>"; };
		367112CC1B9A076B006FDCE7 /* ImageRefObject.h */ = {isa = PBXFileReference; fileEncoding = 4; lastKnownFileType = sourcecode.c.h; path = ImageRefObject.h; sourceTree = "<group>"; };
		367112CD1B9A076B006FDCE7 /* ImageRefObject.m */ = {isa = PBXFileReference; fileEncoding = 4; lastKnownFileType = sourcecode.c.objc; path = ImageRefObject.m; sourceTree = "<group>"; };
		367112CF1BA13E69006FDCE7 /* ObjectTVCell.h */ = {isa = PBXFileReference; fileEncoding = 4; lastKnownFileType = sourcecode.c.h; path = ObjectTVCell.h; sourceTree = "<group>"; };
		367112D01BA13E69006FDCE7 /* ObjectTVCell.m */ = {isa = PBXFileReference; fileEncoding = 4; lastKnownFileType = sourcecode.c.objc; path = ObjectTVCell.m; sourceTree = "<group>"; };
		367112D21BA14071006FDCE7 /* RestaurantListVC.h */ = {isa = PBXFileReference; fileEncoding = 4; lastKnownFileType = sourcecode.c.h; path = RestaurantListVC.h; sourceTree = "<group>"; };
		367112D31BA14071006FDCE7 /* RestaurantListVC.m */ = {isa = PBXFileReference; fileEncoding = 4; lastKnownFileType = sourcecode.c.objc; path = RestaurantListVC.m; sourceTree = "<group>"; };
		367703FA1B86884700B594E5 /* CommonUIConstants.m */ = {isa = PBXFileReference; fileEncoding = 4; lastKnownFileType = sourcecode.c.objc; path = CommonUIConstants.m; sourceTree = "<group>"; };
		367704031B8807F600B594E5 /* UIButton+Additions.h */ = {isa = PBXFileReference; fileEncoding = 4; lastKnownFileType = sourcecode.c.h; path = "UIButton+Additions.h"; sourceTree = "<group>"; };
		367704041B8807F600B594E5 /* UIButton+Additions.m */ = {isa = PBXFileReference; fileEncoding = 4; lastKnownFileType = sourcecode.c.objc; path = "UIButton+Additions.m"; sourceTree = "<group>"; };
		367704061B88103900B594E5 /* UIImage+Additions.h */ = {isa = PBXFileReference; fileEncoding = 4; lastKnownFileType = sourcecode.c.h; path = "UIImage+Additions.h"; sourceTree = "<group>"; };
		367704071B88103900B594E5 /* UIImage+Additions.m */ = {isa = PBXFileReference; fileEncoding = 4; lastKnownFileType = sourcecode.c.objc; path = "UIImage+Additions.m"; sourceTree = "<group>"; };
		367704091B8816C300B594E5 /* UILabel+Additions.h */ = {isa = PBXFileReference; fileEncoding = 4; lastKnownFileType = sourcecode.c.h; path = "UILabel+Additions.h"; sourceTree = "<group>"; };
		3677040A1B8816C300B594E5 /* UILabel+Additions.m */ = {isa = PBXFileReference; fileEncoding = 4; lastKnownFileType = sourcecode.c.objc; path = "UILabel+Additions.m"; sourceTree = "<group>"; };
		367704361B88552E00B594E5 /* background-image.jpg */ = {isa = PBXFileReference; lastKnownFileType = image.jpeg; name = "background-image.jpg"; path = "Graphic Assets/background-image.jpg"; sourceTree = "<group>"; };
		3677043C1B8BCB9100B594E5 /* ooApp.pch */ = {isa = PBXFileReference; fileEncoding = 4; lastKnownFileType = sourcecode.c.h; path = ooApp.pch; sourceTree = "<group>"; };
		3677043D1B8BF05100B594E5 /* Lato-Black.ttf */ = {isa = PBXFileReference; lastKnownFileType = file; name = "Lato-Black.ttf"; path = "Fonts/Lato-Black.ttf"; sourceTree = "<group>"; };
		3677043E1B8BF05100B594E5 /* Lato-BlackItalic.ttf */ = {isa = PBXFileReference; lastKnownFileType = file; name = "Lato-BlackItalic.ttf"; path = "Fonts/Lato-BlackItalic.ttf"; sourceTree = "<group>"; };
		3677043F1B8BF05100B594E5 /* Lato-Bold.ttf */ = {isa = PBXFileReference; lastKnownFileType = file; name = "Lato-Bold.ttf"; path = "Fonts/Lato-Bold.ttf"; sourceTree = "<group>"; };
		367704401B8BF05100B594E5 /* Lato-BoldItalic.ttf */ = {isa = PBXFileReference; lastKnownFileType = file; name = "Lato-BoldItalic.ttf"; path = "Fonts/Lato-BoldItalic.ttf"; sourceTree = "<group>"; };
		367704411B8BF05100B594E5 /* Lato-Hairline.ttf */ = {isa = PBXFileReference; lastKnownFileType = file; name = "Lato-Hairline.ttf"; path = "Fonts/Lato-Hairline.ttf"; sourceTree = "<group>"; };
		367704421B8BF05100B594E5 /* Lato-HairlineItalic.ttf */ = {isa = PBXFileReference; lastKnownFileType = file; name = "Lato-HairlineItalic.ttf"; path = "Fonts/Lato-HairlineItalic.ttf"; sourceTree = "<group>"; };
		367704431B8BF05100B594E5 /* Lato-Heavy.ttf */ = {isa = PBXFileReference; lastKnownFileType = file; name = "Lato-Heavy.ttf"; path = "Fonts/Lato-Heavy.ttf"; sourceTree = "<group>"; };
		367704441B8BF05100B594E5 /* Lato-HeavyItalic.ttf */ = {isa = PBXFileReference; lastKnownFileType = file; name = "Lato-HeavyItalic.ttf"; path = "Fonts/Lato-HeavyItalic.ttf"; sourceTree = "<group>"; };
		367704451B8BF05100B594E5 /* Lato-Italic.ttf */ = {isa = PBXFileReference; lastKnownFileType = file; name = "Lato-Italic.ttf"; path = "Fonts/Lato-Italic.ttf"; sourceTree = "<group>"; };
		367704461B8BF05100B594E5 /* Lato-Light.ttf */ = {isa = PBXFileReference; lastKnownFileType = file; name = "Lato-Light.ttf"; path = "Fonts/Lato-Light.ttf"; sourceTree = "<group>"; };
		367704471B8BF05100B594E5 /* Lato-LightItalic.ttf */ = {isa = PBXFileReference; lastKnownFileType = file; name = "Lato-LightItalic.ttf"; path = "Fonts/Lato-LightItalic.ttf"; sourceTree = "<group>"; };
		367704481B8BF05100B594E5 /* Lato-Medium.ttf */ = {isa = PBXFileReference; lastKnownFileType = file; name = "Lato-Medium.ttf"; path = "Fonts/Lato-Medium.ttf"; sourceTree = "<group>"; };
		367704491B8BF05100B594E5 /* Lato-MediumItalic.ttf */ = {isa = PBXFileReference; lastKnownFileType = file; name = "Lato-MediumItalic.ttf"; path = "Fonts/Lato-MediumItalic.ttf"; sourceTree = "<group>"; };
		3677044A1B8BF05100B594E5 /* Lato-Regular.ttf */ = {isa = PBXFileReference; lastKnownFileType = file; name = "Lato-Regular.ttf"; path = "Fonts/Lato-Regular.ttf"; sourceTree = "<group>"; };
		3677044B1B8BF05100B594E5 /* Lato-Semibold.ttf */ = {isa = PBXFileReference; lastKnownFileType = file; name = "Lato-Semibold.ttf"; path = "Fonts/Lato-Semibold.ttf"; sourceTree = "<group>"; };
		3677044C1B8BF05100B594E5 /* Lato-SemiboldItalic.ttf */ = {isa = PBXFileReference; lastKnownFileType = file; name = "Lato-SemiboldItalic.ttf"; path = "Fonts/Lato-SemiboldItalic.ttf"; sourceTree = "<group>"; };
		3677044D1B8BF05100B594E5 /* Lato-Thin.ttf */ = {isa = PBXFileReference; lastKnownFileType = file; name = "Lato-Thin.ttf"; path = "Fonts/Lato-Thin.ttf"; sourceTree = "<group>"; };
		3677044E1B8BF05100B594E5 /* Lato-ThinItalic.ttf */ = {isa = PBXFileReference; lastKnownFileType = file; name = "Lato-ThinItalic.ttf"; path = "Fonts/Lato-ThinItalic.ttf"; sourceTree = "<group>"; };
		3677044F1B8BF05100B594E5 /* OFL.txt */ = {isa = PBXFileReference; fileEncoding = 4; lastKnownFileType = text; name = OFL.txt; path = Fonts/OFL.txt; sourceTree = "<group>"; };
		367704501B8BF05100B594E5 /* README.txt */ = {isa = PBXFileReference; fileEncoding = 4; lastKnownFileType = text; name = README.txt; path = Fonts/README.txt; sourceTree = "<group>"; };
		3679D2041BAC8887004BF4DC /* oomami-icons.ttf */ = {isa = PBXFileReference; lastKnownFileType = file; name = "oomami-icons.ttf"; path = "Fonts/oomami-icons.ttf"; sourceTree = "<group>"; };
		367B45341BC6C0B600E96B69 /* CommonUIConstants.h */ = {isa = PBXFileReference; fileEncoding = 4; lastKnownFileType = sourcecode.c.h; path = CommonUIConstants.h; sourceTree = "<group>"; };
		367B45351BCCA9B100E96B69 /* RestaurantVCCVL.h */ = {isa = PBXFileReference; fileEncoding = 4; lastKnownFileType = sourcecode.c.h; path = RestaurantVCCVL.h; sourceTree = "<group>"; };
		367B45361BCCA9B100E96B69 /* RestaurantVCCVL.m */ = {isa = PBXFileReference; fileEncoding = 4; lastKnownFileType = sourcecode.c.objc; path = RestaurantVCCVL.m; sourceTree = "<group>"; };
		367B45381BCE3A7200E96B69 /* PhotoCVCell.h */ = {isa = PBXFileReference; fileEncoding = 4; lastKnownFileType = sourcecode.c.h; path = PhotoCVCell.h; sourceTree = "<group>"; };
		367B45391BCE3A7200E96B69 /* PhotoCVCell.m */ = {isa = PBXFileReference; fileEncoding = 4; lastKnownFileType = sourcecode.c.objc; path = PhotoCVCell.m; sourceTree = "<group>"; };
		367B453B1BCE62BC00E96B69 /* RestaurantMainCVCell.h */ = {isa = PBXFileReference; fileEncoding = 4; lastKnownFileType = sourcecode.c.h; path = RestaurantMainCVCell.h; sourceTree = "<group>"; };
		367B453C1BCE62BC00E96B69 /* RestaurantMainCVCell.m */ = {isa = PBXFileReference; fileEncoding = 4; lastKnownFileType = sourcecode.c.objc; path = RestaurantMainCVCell.m; sourceTree = "<group>"; };
		367B453E1BD06AB600E96B69 /* OOStripHeader.h */ = {isa = PBXFileReference; fileEncoding = 4; lastKnownFileType = sourcecode.c.h; path = OOStripHeader.h; sourceTree = "<group>"; };
		367B453F1BD06AB600E96B69 /* OOStripHeader.m */ = {isa = PBXFileReference; fileEncoding = 4; lastKnownFileType = sourcecode.c.objc; path = OOStripHeader.m; sourceTree = "<group>"; };
		3686490A1BE04B73003BF98B /* UIImageEffects.h */ = {isa = PBXFileReference; fileEncoding = 4; lastKnownFileType = sourcecode.c.h; name = UIImageEffects.h; path = External/UIImageEffects/UIImageEffects.h; sourceTree = "<group>"; };
		3686490B1BE04B73003BF98B /* UIImageEffects.m */ = {isa = PBXFileReference; fileEncoding = 4; lastKnownFileType = sourcecode.c.objc; name = UIImageEffects.m; path = External/UIImageEffects/UIImageEffects.m; sourceTree = "<group>"; };
		3686490D1BE09CF3003BF98B /* OOActivityItemProvider.h */ = {isa = PBXFileReference; fileEncoding = 4; lastKnownFileType = sourcecode.c.h; path = OOActivityItemProvider.h; sourceTree = "<group>"; };
		3686490E1BE09CF3003BF98B /* OOActivityItemProvider.m */ = {isa = PBXFileReference; fileEncoding = 4; lastKnownFileType = sourcecode.c.objc; path = OOActivityItemProvider.m; sourceTree = "<group>"; };
		3690BFD21B745A9200BC7528 /* OOAPI.h */ = {isa = PBXFileReference; fileEncoding = 4; lastKnownFileType = sourcecode.c.h; path = OOAPI.h; sourceTree = "<group>"; };
		3690BFD31B745A9200BC7528 /* OOAPI.m */ = {isa = PBXFileReference; fileEncoding = 4; lastKnownFileType = sourcecode.c.objc; path = OOAPI.m; sourceTree = "<group>"; };
		36BBD9D61BA767C20008DCF1 /* RestaurantVC.h */ = {isa = PBXFileReference; fileEncoding = 4; lastKnownFileType = sourcecode.c.h; path = RestaurantVC.h; sourceTree = "<group>"; };
		36BBD9D71BA767C20008DCF1 /* RestaurantVC.m */ = {isa = PBXFileReference; fileEncoding = 4; lastKnownFileType = sourcecode.c.objc; path = RestaurantVC.m; sourceTree = "<group>"; };
		36C39BDF1B84C7CD00648879 /* DebugUtilities.h */ = {isa = PBXFileReference; fileEncoding = 4; lastKnownFileType = sourcecode.c.h; path = DebugUtilities.h; sourceTree = "<group>"; };
		36C39BE01B84C7CD00648879 /* DebugUtilities.m */ = {isa = PBXFileReference; fileEncoding = 4; lastKnownFileType = sourcecode.c.objc; path = DebugUtilities.m; sourceTree = "<group>"; };
		36D5D2181B69DA48009EE877 /* OONetworkManager.h */ = {isa = PBXFileReference; fileEncoding = 4; lastKnownFileType = sourcecode.c.h; path = OONetworkManager.h; sourceTree = "<group>"; };
		36D5D2191B69DA48009EE877 /* OONetworkManager.m */ = {isa = PBXFileReference; fileEncoding = 4; lastKnownFileType = sourcecode.c.objc; path = OONetworkManager.m; sourceTree = "<group>"; };
		36DD24241B7C88E800C6348F /* EventObject.h */ = {isa = PBXFileReference; fileEncoding = 4; lastKnownFileType = sourcecode.c.h; path = EventObject.h; sourceTree = "<group>"; };
		36DD24251B7C88E800C6348F /* EventObject.m */ = {isa = PBXFileReference; fileEncoding = 4; lastKnownFileType = sourcecode.c.objc; path = EventObject.m; sourceTree = "<group>"; };
		36DD24271B7D723A00C6348F /* FBSDKCoreKit.framework */ = {isa = PBXFileReference; lastKnownFileType = wrapper.framework; name = FBSDKCoreKit.framework; path = "../../../../Downloads/FacebookSDKs-iOS-20150810/FBSDKCoreKit.framework"; sourceTree = "<group>"; };
		36F7F68E1BDAB02F000F8C32 /* HoursOpen.h */ = {isa = PBXFileReference; fileEncoding = 4; lastKnownFileType = sourcecode.c.h; path = HoursOpen.h; sourceTree = "<group>"; };
		36F7F68F1BDAB02F000F8C32 /* HoursOpen.m */ = {isa = PBXFileReference; fileEncoding = 4; lastKnownFileType = sourcecode.c.objc; path = HoursOpen.m; sourceTree = "<group>"; };
		36F872D71B919BC200006C29 /* ListObject.h */ = {isa = PBXFileReference; fileEncoding = 4; lastKnownFileType = sourcecode.c.h; path = ListObject.h; sourceTree = "<group>"; };
		36F872D81B919BC200006C29 /* ListObject.m */ = {isa = PBXFileReference; fileEncoding = 4; lastKnownFileType = sourcecode.c.objc; path = ListObject.m; sourceTree = "<group>"; };
		36FDA6F01B585F650029D29D /* Oomami.app */ = {isa = PBXFileReference; explicitFileType = wrapper.application; includeInIndex = 0; path = Oomami.app; sourceTree = BUILT_PRODUCTS_DIR; };
		36FDA6F41B585F650029D29D /* Info.plist */ = {isa = PBXFileReference; lastKnownFileType = text.plist.xml; path = Info.plist; sourceTree = "<group>"; };
		36FDA6F51B585F650029D29D /* main.m */ = {isa = PBXFileReference; lastKnownFileType = sourcecode.c.objc; path = main.m; sourceTree = "<group>"; };
		36FDA6F71B585F650029D29D /* AppDelegate.h */ = {isa = PBXFileReference; lastKnownFileType = sourcecode.c.h; path = AppDelegate.h; sourceTree = "<group>"; };
		36FDA6F81B585F650029D29D /* AppDelegate.m */ = {isa = PBXFileReference; lastKnownFileType = sourcecode.c.objc; path = AppDelegate.m; sourceTree = "<group>"; };
		36FDA6FA1B585F650029D29D /* WhatsNewVC.h */ = {isa = PBXFileReference; lastKnownFileType = sourcecode.c.h; path = WhatsNewVC.h; sourceTree = "<group>"; };
		36FDA6FB1B585F650029D29D /* WhatsNewVC.m */ = {isa = PBXFileReference; lastKnownFileType = sourcecode.c.objc; path = WhatsNewVC.m; sourceTree = "<group>"; };
		36FDA6FD1B585F650029D29D /* PlayVC.h */ = {isa = PBXFileReference; lastKnownFileType = sourcecode.c.h; path = PlayVC.h; sourceTree = "<group>"; };
		36FDA6FE1B585F650029D29D /* PlayVC.m */ = {isa = PBXFileReference; lastKnownFileType = sourcecode.c.objc; path = PlayVC.m; sourceTree = "<group>"; };
		36FDA7011B585F650029D29D /* Base */ = {isa = PBXFileReference; lastKnownFileType = file.storyboard; name = Base; path = Base.lproj/Main.storyboard; sourceTree = "<group>"; };
		36FDA7031B585F650029D29D /* Images.xcassets */ = {isa = PBXFileReference; lastKnownFileType = folder.assetcatalog; path = Images.xcassets; sourceTree = "<group>"; };
		36FDA7061B585F650029D29D /* Base */ = {isa = PBXFileReference; lastKnownFileType = file.xib; name = Base; path = Base.lproj/LaunchScreen.xib; sourceTree = "<group>"; };
		36FDA70C1B585F650029D29D /* ooAppTests.xctest */ = {isa = PBXFileReference; explicitFileType = wrapper.cfbundle; includeInIndex = 0; path = ooAppTests.xctest; sourceTree = BUILT_PRODUCTS_DIR; };
		36FDA7111B585F650029D29D /* Info.plist */ = {isa = PBXFileReference; lastKnownFileType = text.plist.xml; path = Info.plist; sourceTree = "<group>"; };
		36FDA7121B585F650029D29D /* ooAppTests.m */ = {isa = PBXFileReference; lastKnownFileType = sourcecode.c.objc; path = ooAppTests.m; sourceTree = "<group>"; };
		46FE088B27B54BA7AAE65CC4 /* libPods.a */ = {isa = PBXFileReference; explicitFileType = archive.ar; includeInIndex = 0; path = libPods.a; sourceTree = BUILT_PRODUCTS_DIR; };
		9606C5631BBF08C400CB06FE /* EventsListVC.h */ = {isa = PBXFileReference; fileEncoding = 4; lastKnownFileType = sourcecode.c.h; path = EventsListVC.h; sourceTree = "<group>"; };
		9606C5641BBF08C400CB06FE /* EventsListVC.m */ = {isa = PBXFileReference; fileEncoding = 4; lastKnownFileType = sourcecode.c.objc; path = EventsListVC.m; sourceTree = "<group>"; };
		962303741BB33D2700278FA6 /* forkKnife.png */ = {isa = PBXFileReference; lastKnownFileType = image.png; name = forkKnife.png; path = "Graphic Assets/forkKnife.png"; sourceTree = "<group>"; };
		962667451BBC8C9600D77EBE /* UserTVCell.h */ = {isa = PBXFileReference; fileEncoding = 4; lastKnownFileType = sourcecode.c.h; path = UserTVCell.h; sourceTree = "<group>"; };
		962667461BBC8C9600D77EBE /* UserTVCell.m */ = {isa = PBXFileReference; fileEncoding = 4; lastKnownFileType = sourcecode.c.objc; path = UserTVCell.m; sourceTree = "<group>"; };
		962B00C11BD95D22008790FD /* VoteObject.h */ = {isa = PBXFileReference; fileEncoding = 4; lastKnownFileType = sourcecode.c.h; path = VoteObject.h; sourceTree = "<group>"; };
		962B00C21BD95D22008790FD /* VoteObject.m */ = {isa = PBXFileReference; fileEncoding = 4; lastKnownFileType = sourcecode.c.objc; path = VoteObject.m; sourceTree = "<group>"; };
		963E33941BE022E300C872D0 /* Huge.jpg */ = {isa = PBXFileReference; lastKnownFileType = image.jpeg; name = Huge.jpg; path = "Graphic Assets/Huge.jpg"; sourceTree = "<group>"; };
		964BC81C1B97935F00760C83 /* Settings.h */ = {isa = PBXFileReference; fileEncoding = 4; lastKnownFileType = sourcecode.c.h; path = Settings.h; sourceTree = "<group>"; };
		964BC81D1B97935F00760C83 /* Settings.m */ = {isa = PBXFileReference; fileEncoding = 4; lastKnownFileType = sourcecode.c.objc; path = Settings.m; sourceTree = "<group>"; };
		964BC81F1B97A4E700760C83 /* LocationManager.m */ = {isa = PBXFileReference; fileEncoding = 4; lastKnownFileType = sourcecode.c.objc; path = LocationManager.m; sourceTree = "<group>"; };
		964BC8201B97A4E700760C83 /* LocationManager.h */ = {isa = PBXFileReference; fileEncoding = 4; lastKnownFileType = sourcecode.c.h; path = LocationManager.h; sourceTree = "<group>"; };
		965A1A951BBA05B500727773 /* SearchVC.h */ = {isa = PBXFileReference; fileEncoding = 4; lastKnownFileType = sourcecode.c.h; path = SearchVC.h; sourceTree = "<group>"; };
		965A1A961BBA05B500727773 /* SearchVC.m */ = {isa = PBXFileReference; fileEncoding = 4; lastKnownFileType = sourcecode.c.objc; path = SearchVC.m; sourceTree = "<group>"; };
		966E08381BC6E38800A4B866 /* EventWhoVC.h */ = {isa = PBXFileReference; fileEncoding = 4; lastKnownFileType = sourcecode.c.h; path = EventWhoVC.h; sourceTree = "<group>"; };
		966E08391BC6E38800A4B866 /* EventWhoVC.m */ = {isa = PBXFileReference; fileEncoding = 4; lastKnownFileType = sourcecode.c.objc; path = EventWhoVC.m; sourceTree = "<group>"; };
		967124941BB5E6A900F28904 /* DiagnosticVC.h */ = {isa = PBXFileReference; fileEncoding = 4; lastKnownFileType = sourcecode.c.h; path = DiagnosticVC.h; sourceTree = "<group>"; };
		967124951BB5E6A900F28904 /* DiagnosticVC.m */ = {isa = PBXFileReference; fileEncoding = 4; lastKnownFileType = sourcecode.c.objc; path = DiagnosticVC.m; sourceTree = "<group>"; };
		96ACD7851BC3331000E37DC1 /* EventTVCell.h */ = {isa = PBXFileReference; fileEncoding = 4; lastKnownFileType = sourcecode.c.h; path = EventTVCell.h; sourceTree = "<group>"; };
		96ACD7861BC3331000E37DC1 /* EventTVCell.m */ = {isa = PBXFileReference; fileEncoding = 4; lastKnownFileType = sourcecode.c.objc; path = EventTVCell.m; sourceTree = "<group>"; };
		96ACD7881BC3487E00E37DC1 /* EventCoordinatorVC.h */ = {isa = PBXFileReference; fileEncoding = 4; lastKnownFileType = sourcecode.c.h; path = EventCoordinatorVC.h; sourceTree = "<group>"; };
		96ACD7891BC3487E00E37DC1 /* EventCoordinatorVC.m */ = {isa = PBXFileReference; fileEncoding = 4; lastKnownFileType = sourcecode.c.objc; path = EventCoordinatorVC.m; sourceTree = "<group>"; };
		96BF31211BB36C4D002BFDD2 /* CreateUsernameVC.h */ = {isa = PBXFileReference; fileEncoding = 4; lastKnownFileType = sourcecode.c.h; path = CreateUsernameVC.h; sourceTree = "<group>"; };
		96BF31221BB36C55002BFDD2 /* CreateUsernameVC.m */ = {isa = PBXFileReference; fileEncoding = 4; lastKnownFileType = sourcecode.c.objc; path = CreateUsernameVC.m; sourceTree = "<group>"; };
		96C3A3F21BC5F335009689E3 /* EventParticipantVC.h */ = {isa = PBXFileReference; fileEncoding = 4; lastKnownFileType = sourcecode.c.h; path = EventParticipantVC.h; sourceTree = "<group>"; };
		96C3A3F31BC5F335009689E3 /* EventParticipantVC.m */ = {isa = PBXFileReference; fileEncoding = 4; lastKnownFileType = sourcecode.c.objc; path = EventParticipantVC.m; sourceTree = "<group>"; };
		96CA59CF1BE14C2E00618B57 /* UIKit.framework */ = {isa = PBXFileReference; lastKnownFileType = wrapper.framework; name = UIKit.framework; path = System/Library/Frameworks/UIKit.framework; sourceTree = SDKROOT; };
		96CA59D11BE14E2200618B57 /* MessageUI.framework */ = {isa = PBXFileReference; lastKnownFileType = wrapper.framework; name = MessageUI.framework; path = System/Library/Frameworks/MessageUI.framework; sourceTree = SDKROOT; };
		96D175B91BA76926000C88AC /* NSString+MD5.m */ = {isa = PBXFileReference; fileEncoding = 4; lastKnownFileType = sourcecode.c.objc; path = "NSString+MD5.m"; sourceTree = "<group>"; };
		96D175BA1BA76926000C88AC /* NSString+MD5.h */ = {isa = PBXFileReference; fileEncoding = 4; lastKnownFileType = sourcecode.c.h; path = "NSString+MD5.h"; sourceTree = "<group>"; };
		96D35F7B1B9F879200A18A23 /* Common.h */ = {isa = PBXFileReference; fileEncoding = 4; lastKnownFileType = sourcecode.c.h; path = Common.h; sourceTree = "<group>"; };
		96D35F7C1B9F879200A18A23 /* Common.m */ = {isa = PBXFileReference; fileEncoding = 4; lastKnownFileType = sourcecode.c.objc; path = Common.m; sourceTree = "<group>"; };
		96E127B41BB32C6E00A8445E /* EmptyListVC.h */ = {isa = PBXFileReference; fileEncoding = 4; lastKnownFileType = sourcecode.c.h; path = EmptyListVC.h; sourceTree = "<group>"; };
		96E127B51BB32C6E00A8445E /* EmptyListVC.m */ = {isa = PBXFileReference; fileEncoding = 4; lastKnownFileType = sourcecode.c.objc; path = EmptyListVC.m; sourceTree = "<group>"; };
		96E270AD1BDAC001005BC4EC /* VotingResultsVC.h */ = {isa = PBXFileReference; fileEncoding = 4; lastKnownFileType = sourcecode.c.h; path = VotingResultsVC.h; sourceTree = "<group>"; };
		96E270AE1BDAC001005BC4EC /* VotingResultsVC.m */ = {isa = PBXFileReference; fileEncoding = 4; lastKnownFileType = sourcecode.c.objc; path = VotingResultsVC.m; sourceTree = "<group>"; };
		96E49E721BC5E14B008B70AF /* EventWhenVC.h */ = {isa = PBXFileReference; fileEncoding = 4; lastKnownFileType = sourcecode.c.h; path = EventWhenVC.h; sourceTree = "<group>"; };
		96E49E731BC5E14B008B70AF /* EventWhenVC.m */ = {isa = PBXFileReference; fileEncoding = 4; lastKnownFileType = sourcecode.c.objc; path = EventWhenVC.m; sourceTree = "<group>"; };
		96E954E01BDFF99100F5197A /* Reachability.h */ = {isa = PBXFileReference; fileEncoding = 4; lastKnownFileType = sourcecode.c.h; path = Reachability.h; sourceTree = "<group>"; };
		96E954E11BDFF99100F5197A /* Reachability.m */ = {isa = PBXFileReference; fileEncoding = 4; lastKnownFileType = sourcecode.c.objc; path = Reachability.m; sourceTree = "<group>"; };
		96F4C5601BB1E01C0009E9FE /* No-Profile_Image.png */ = {isa = PBXFileReference; lastKnownFileType = image.png; name = "No-Profile_Image.png"; path = "Graphic Assets/No-Profile_Image.png"; sourceTree = "<group>"; };
		96F4C5611BB1E01C0009E9FE /* No-Profile_Image(circled).png */ = {isa = PBXFileReference; lastKnownFileType = image.png; name = "No-Profile_Image(circled).png"; path = "Graphic Assets/No-Profile_Image(circled).png"; sourceTree = "<group>"; };
		F945100C76CB8545DC64E837 /* Pods.debug.xcconfig */ = {isa = PBXFileReference; includeInIndex = 1; lastKnownFileType = text.xcconfig; name = Pods.debug.xcconfig; path = "Pods/Target Support Files/Pods/Pods.debug.xcconfig"; sourceTree = "<group>"; };
/* End PBXFileReference section */

/* Begin PBXFrameworksBuildPhase section */
		36FDA6ED1B585F650029D29D /* Frameworks */ = {
			isa = PBXFrameworksBuildPhase;
			buildActionMask = 2147483647;
			files = (
				96CA59D21BE14E2200618B57 /* MessageUI.framework in Frameworks */,
				96CA59D01BE14C2E00618B57 /* UIKit.framework in Frameworks */,
				36250BE01B82704300F456B5 /* FBSDKShareKit.framework in Frameworks */,
				46D52CAEB19A46D0AB43E61E /* libPods.a in Frameworks */,
				36DD24281B7D723B00C6348F /* FBSDKCoreKit.framework in Frameworks */,
				36250BDF1B82704300F456B5 /* FBSDKLoginKit.framework in Frameworks */,
			);
			runOnlyForDeploymentPostprocessing = 0;
		};
		36FDA7091B585F650029D29D /* Frameworks */ = {
			isa = PBXFrameworksBuildPhase;
			buildActionMask = 2147483647;
			files = (
			);
			runOnlyForDeploymentPostprocessing = 0;
		};
/* End PBXFrameworksBuildPhase section */

/* Begin PBXGroup section */
		3621F11C1B8F6DF5004537B6 /* Cells */ = {
			isa = PBXGroup;
			children = (
				3621F11D1B8F6E32004537B6 /* MenuTVCell.h */,
				3621F11E1B8F6E32004537B6 /* MenuTVCell.m */,
				365F175F1B9105B500015D5D /* ListStripTVCell.h */,
				365F17601B9105B500015D5D /* ListStripTVCell.m */,
				36587B731B93C7AD00D01EB5 /* ListCVFL.h */,
				36587B741B93C7AD00D01EB5 /* ListCVFL.m */,
				36587B791B9423D700D01EB5 /* TileCVCell.h */,
				36587B7A1B9423D700D01EB5 /* TileCVCell.m */,
				96ACD7851BC3331000E37DC1 /* EventTVCell.h */,
				96ACD7861BC3331000E37DC1 /* EventTVCell.m */,
				367112CF1BA13E69006FDCE7 /* ObjectTVCell.h */,
				367112D01BA13E69006FDCE7 /* ObjectTVCell.m */,
				962667451BBC8C9600D77EBE /* UserTVCell.h */,
				962667461BBC8C9600D77EBE /* UserTVCell.m */,
				3637E9391BB439290074A01C /* RestaurantTVCell.h */,
				3637E93A1BB439290074A01C /* RestaurantTVCell.m */,
				3613BE561BBE278400F1AF67 /* ListTVCell.h */,
				3613BE571BBE278400F1AF67 /* ListTVCell.m */,
				367B45381BCE3A7200E96B69 /* PhotoCVCell.h */,
				367B45391BCE3A7200E96B69 /* PhotoCVCell.m */,
				367B453B1BCE62BC00E96B69 /* RestaurantMainCVCell.h */,
				367B453C1BCE62BC00E96B69 /* RestaurantMainCVCell.m */,
			);
			name = Cells;
			sourceTree = "<group>";
		};
		363B60BE1B6AC13900987A1B /* Models */ = {
			isa = PBXGroup;
			children = (
				363B60BF1B6AC15400987A1B /* RestaurantObject.h */,
				363B60C01B6AC15400987A1B /* RestaurantObject.m */,
				363B60C21B6AE49F00987A1B /* UserObject.h */,
				363B60C31B6AE49F00987A1B /* UserObject.m */,
				363B60C51B6BF0CE00987A1B /* GroupObject.h */,
				363B60C61B6BF0CE00987A1B /* GroupObject.m */,
				36DD24241B7C88E800C6348F /* EventObject.h */,
				36DD24251B7C88E800C6348F /* EventObject.m */,
				962B00C11BD95D22008790FD /* VoteObject.h */,
				962B00C21BD95D22008790FD /* VoteObject.m */,
				3621F1201B8F7E7A004537B6 /* MenuObject.h */,
				3621F1211B8F7E7A004537B6 /* MenuObject.m */,
				36F872D71B919BC200006C29 /* ListObject.h */,
				36F872D81B919BC200006C29 /* ListObject.m */,
				367112CC1B9A076B006FDCE7 /* ImageRefObject.h */,
				367112CD1B9A076B006FDCE7 /* ImageRefObject.m */,
				3613BE531BBDD1A600F1AF67 /* MediaItemObject.h */,
				3613BE541BBDD1A600F1AF67 /* MediaItemObject.m */,
				366BBC8C1BA8B74A00292F80 /* NavTitleObject.h */,
				366BBC8D1BA8B74A00292F80 /* NavTitleObject.m */,
				3613BE5C1BC46BE800F1AF67 /* FilterObject.h */,
				3613BE5D1BC46BE800F1AF67 /* FilterObject.m */,
			);
			name = Models;
			sourceTree = "<group>";
		};
		366B623C1B8D14A200B9F1C5 /* SMRevealViewController */ = {
			isa = PBXGroup;
			children = (
				366B623D1B8D3ED700B9F1C5 /* SWRevealViewController.h */,
				366B623E1B8D3ED700B9F1C5 /* SWRevealViewController.m */,
			);
			name = SMRevealViewController;
			sourceTree = "<group>";
		};
		367703FC1B87E3A500B594E5 /* Resources */ = {
			isa = PBXGroup;
			children = (
				367703FF1B87E41F00B594E5 /* Graphic Assets */,
				367703FD1B87E3AD00B594E5 /* Fonts */,
			);
			name = Resources;
			sourceTree = "<group>";
		};
		367703FD1B87E3AD00B594E5 /* Fonts */ = {
			isa = PBXGroup;
			children = (
				3679D2041BAC8887004BF4DC /* oomami-icons.ttf */,
				3677043D1B8BF05100B594E5 /* Lato-Black.ttf */,
				3677043E1B8BF05100B594E5 /* Lato-BlackItalic.ttf */,
				3677043F1B8BF05100B594E5 /* Lato-Bold.ttf */,
				367704401B8BF05100B594E5 /* Lato-BoldItalic.ttf */,
				367704411B8BF05100B594E5 /* Lato-Hairline.ttf */,
				367704421B8BF05100B594E5 /* Lato-HairlineItalic.ttf */,
				367704431B8BF05100B594E5 /* Lato-Heavy.ttf */,
				367704441B8BF05100B594E5 /* Lato-HeavyItalic.ttf */,
				367704451B8BF05100B594E5 /* Lato-Italic.ttf */,
				367704461B8BF05100B594E5 /* Lato-Light.ttf */,
				367704471B8BF05100B594E5 /* Lato-LightItalic.ttf */,
				367704481B8BF05100B594E5 /* Lato-Medium.ttf */,
				367704491B8BF05100B594E5 /* Lato-MediumItalic.ttf */,
				3677044A1B8BF05100B594E5 /* Lato-Regular.ttf */,
				3677044B1B8BF05100B594E5 /* Lato-Semibold.ttf */,
				3677044C1B8BF05100B594E5 /* Lato-SemiboldItalic.ttf */,
				3677044D1B8BF05100B594E5 /* Lato-Thin.ttf */,
				3677044E1B8BF05100B594E5 /* Lato-ThinItalic.ttf */,
				3677044F1B8BF05100B594E5 /* OFL.txt */,
				367704501B8BF05100B594E5 /* README.txt */,
			);
			name = Fonts;
			sourceTree = "<group>";
		};
		367703FF1B87E41F00B594E5 /* Graphic Assets */ = {
			isa = PBXGroup;
			children = (
				3613BE4B1BBC641C00F1AF67 /* strip_gradient.png */,
				963E33941BE022E300C872D0 /* Huge.jpg */,
				36587B6F1B93964C00D01EB5 /* Icon@2x.png */,
				962303741BB33D2700278FA6 /* forkKnife.png */,
				36587B701B93964C00D01EB5 /* Icon@3x.png */,
				3621F1231B900EC7004537B6 /* Logo.png */,
				3621F1241B900EC7004537B6 /* Logo2.png */,
				367704361B88552E00B594E5 /* background-image.jpg */,
				96F4C5601BB1E01C0009E9FE /* No-Profile_Image.png */,
				96F4C5611BB1E01C0009E9FE /* No-Profile_Image(circled).png */,
			);
			name = "Graphic Assets";
			sourceTree = "<group>";
		};
		367704021B88078400B594E5 /* Common Tools */ = {
			isa = PBXGroup;
			children = (
				3677043C1B8BCB9100B594E5 /* ooApp.pch */,
				96D35F7B1B9F879200A18A23 /* Common.h */,
				96D35F7C1B9F879200A18A23 /* Common.m */,
				96D175B91BA76926000C88AC /* NSString+MD5.m */,
				96D175BA1BA76926000C88AC /* NSString+MD5.h */,
				36C39BDF1B84C7CD00648879 /* DebugUtilities.h */,
				36C39BE01B84C7CD00648879 /* DebugUtilities.m */,
				363B60C91B6C22F000987A1B /* CommonConstants.h */,
				3637E93C1BB5B6D10074A01C /* CommonConstants.m */,
				367703FA1B86884700B594E5 /* CommonUIConstants.m */,
				367B45341BC6C0B600E96B69 /* CommonUIConstants.h */,
				367704031B8807F600B594E5 /* UIButton+Additions.h */,
				367704041B8807F600B594E5 /* UIButton+Additions.m */,
				367704061B88103900B594E5 /* UIImage+Additions.h */,
				367704071B88103900B594E5 /* UIImage+Additions.m */,
				367704091B8816C300B594E5 /* UILabel+Additions.h */,
				3677040A1B8816C300B594E5 /* UILabel+Additions.m */,
				3621F12A1B901D24004537B6 /* BaseVC.h */,
				3621F12B1B901D24004537B6 /* BaseVC.m */,
				366BBC951BA9304900292F80 /* SubBaseVC.h */,
				366BBC961BA9304900292F80 /* SubBaseVC.m */,
				366BBC891BA8B70100292F80 /* NavTitleView.h */,
				366BBC8A1BA8B70100292F80 /* NavTitleView.m */,
				3613BE451BB9CF6000F1AF67 /* TimeUtilities.h */,
				3613BE461BB9CF6000F1AF67 /* TimeUtilities.m */,
				3613BE481BBA330000F1AF67 /* OOMapMarker.h */,
				3613BE491BBA330000F1AF67 /* OOMapMarker.m */,
				3613BE4D1BBCBDF700F1AF67 /* OOTagButton.h */,
				3613BE4E1BBCBDF700F1AF67 /* OOTagButton.m */,
				3613BE501BBCFB7000F1AF67 /* EmptyRestaurantTile.h */,
				3613BE511BBCFB7000F1AF67 /* EmptyRestaurantTile.m */,
				3613BE591BC445A700F1AF67 /* OOFilterView.h */,
				3613BE5A1BC445A700F1AF67 /* OOFilterView.m */,
				367B453E1BD06AB600E96B69 /* OOStripHeader.h */,
				367B453F1BD06AB600E96B69 /* OOStripHeader.m */,
				36F7F68E1BDAB02F000F8C32 /* HoursOpen.h */,
				36F7F68F1BDAB02F000F8C32 /* HoursOpen.m */,
				3686490D1BE09CF3003BF98B /* OOActivityItemProvider.h */,
				3686490E1BE09CF3003BF98B /* OOActivityItemProvider.m */,
			);
			name = "Common Tools";
			sourceTree = "<group>";
		};
		367704651B8CFE2400B594E5 /* External */ = {
			isa = PBXGroup;
			children = (
				368649091BE04B0C003BF98B /* UIImageEffects */,
				366B623C1B8D14A200B9F1C5 /* SMRevealViewController */,
			);
			name = External;
			sourceTree = "<group>";
		};
		368649091BE04B0C003BF98B /* UIImageEffects */ = {
			isa = PBXGroup;
			children = (
				3686490A1BE04B73003BF98B /* UIImageEffects.h */,
				3686490B1BE04B73003BF98B /* UIImageEffects.m */,
			);
			name = UIImageEffects;
			sourceTree = "<group>";
		};
		36FDA6E71B585F650029D29D = {
			isa = PBXGroup;
			children = (
				36FDA6F21B585F650029D29D /* ooApp */,
				36FDA70F1B585F650029D29D /* ooAppTests */,
				36FDA6F11B585F650029D29D /* Products */,
				DF3DC48B77314A2BA614CB58 /* Frameworks */,
				C7DED04DAE766F40722F62B5 /* Pods */,
			);
			sourceTree = "<group>";
		};
		36FDA6F11B585F650029D29D /* Products */ = {
			isa = PBXGroup;
			children = (
				36FDA6F01B585F650029D29D /* Oomami.app */,
				36FDA70C1B585F650029D29D /* ooAppTests.xctest */,
			);
			name = Products;
			sourceTree = "<group>";
		};
		36FDA6F21B585F650029D29D /* ooApp */ = {
			isa = PBXGroup;
			children = (
				367704651B8CFE2400B594E5 /* External */,
				367704021B88078400B594E5 /* Common Tools */,
				367703FC1B87E3A500B594E5 /* Resources */,
				363B60BE1B6AC13900987A1B /* Models */,
				3621F11C1B8F6DF5004537B6 /* Cells */,
				367112D21BA14071006FDCE7 /* RestaurantListVC.h */,
				367112D31BA14071006FDCE7 /* RestaurantListVC.m */,
				3613BE5F1BC5D87E00F1AF67 /* ListsVC.m */,
				3613BE601BC5D87E00F1AF67 /* ListsVC.h */,
				36BBD9D61BA767C20008DCF1 /* RestaurantVC.h */,
				36BBD9D71BA767C20008DCF1 /* RestaurantVC.m */,
				367B45351BCCA9B100E96B69 /* RestaurantVCCVL.h */,
				367B45361BCCA9B100E96B69 /* RestaurantVCCVL.m */,
				3621F1271B9014DD004537B6 /* ProfileVC.h */,
				3621F1281B9014DD004537B6 /* ProfileVC.m */,
				9606C5631BBF08C400CB06FE /* EventsListVC.h */,
				9606C5641BBF08C400CB06FE /* EventsListVC.m */,
				96E49E721BC5E14B008B70AF /* EventWhenVC.h */,
				96E49E731BC5E14B008B70AF /* EventWhenVC.m */,
				966E08381BC6E38800A4B866 /* EventWhoVC.h */,
				966E08391BC6E38800A4B866 /* EventWhoVC.m */,
				96ACD7881BC3487E00E37DC1 /* EventCoordinatorVC.h */,
				96ACD7891BC3487E00E37DC1 /* EventCoordinatorVC.m */,
				96C3A3F21BC5F335009689E3 /* EventParticipantVC.h */,
				96C3A3F31BC5F335009689E3 /* EventParticipantVC.m */,
				96E270AD1BDAC001005BC4EC /* VotingResultsVC.h */,
				96E270AE1BDAC001005BC4EC /* VotingResultsVC.m */,
				96E127B41BB32C6E00A8445E /* EmptyListVC.h */,
				96E127B51BB32C6E00A8445E /* EmptyListVC.m */,
				96BF31211BB36C4D002BFDD2 /* CreateUsernameVC.h */,
				96BF31221BB36C55002BFDD2 /* CreateUsernameVC.m */,
				965A1A951BBA05B500727773 /* SearchVC.h */,
				965A1A961BBA05B500727773 /* SearchVC.m */,
				967124941BB5E6A900F28904 /* DiagnosticVC.h */,
				967124951BB5E6A900F28904 /* DiagnosticVC.m */,
				366BBC8F1BA8DEB400292F80 /* SettingsVC.m */,
				366BBC901BA8DEB400292F80 /* SettingsVC.h */,
				964BC81C1B97935F00760C83 /* Settings.h */,
				964BC81D1B97935F00760C83 /* Settings.m */,
				964BC8201B97A4E700760C83 /* LocationManager.h */,
				964BC81F1B97A4E700760C83 /* LocationManager.m */,
				36FDA6F71B585F650029D29D /* AppDelegate.h */,
				36FDA6F81B585F650029D29D /* AppDelegate.m */,
				36FDA6FA1B585F650029D29D /* WhatsNewVC.h */,
				36FDA6FB1B585F650029D29D /* WhatsNewVC.m */,
				366BBC921BA8E59F00292F80 /* DiscoverVC.m */,
				366BBC931BA8E59F00292F80 /* DiscoverVC.h */,
				365F175D1B91046B00015D5D /* DefaultVC.h */,
				365F175C1B91046B00015D5D /* DefaultVC.m */,
				36FDA6FD1B585F650029D29D /* PlayVC.h */,
				36FDA6FE1B585F650029D29D /* PlayVC.m */,
				3621F1191B8E6A06004537B6 /* MenuTVC.h */,
				3621F11A1B8E6A06004537B6 /* MenuTVC.m */,
				36250BDA1B82679A00F456B5 /* LoginVC.h */,
				36250BDB1B82679A00F456B5 /* LoginVC.m */,
				96E954E01BDFF99100F5197A /* Reachability.h */,
				96E954E11BDFF99100F5197A /* Reachability.m */,
				36FDA7001B585F650029D29D /* Main.storyboard */,
				36FDA7031B585F650029D29D /* Images.xcassets */,
				36FDA7051B585F650029D29D /* LaunchScreen.xib */,
				36FDA6F31B585F650029D29D /* Supporting Files */,
				36D5D2181B69DA48009EE877 /* OONetworkManager.h */,
				36D5D2191B69DA48009EE877 /* OONetworkManager.m */,
				3690BFD21B745A9200BC7528 /* OOAPI.h */,
				3690BFD31B745A9200BC7528 /* OOAPI.m */,
			);
			path = ooApp;
			sourceTree = "<group>";
		};
		36FDA6F31B585F650029D29D /* Supporting Files */ = {
			isa = PBXGroup;
			children = (
				36FDA6F41B585F650029D29D /* Info.plist */,
				36FDA6F51B585F650029D29D /* main.m */,
			);
			name = "Supporting Files";
			sourceTree = "<group>";
		};
		36FDA70F1B585F650029D29D /* ooAppTests */ = {
			isa = PBXGroup;
			children = (
				36FDA7121B585F650029D29D /* ooAppTests.m */,
				36FDA7101B585F650029D29D /* Supporting Files */,
			);
			path = ooAppTests;
			sourceTree = "<group>";
		};
		36FDA7101B585F650029D29D /* Supporting Files */ = {
			isa = PBXGroup;
			children = (
				36FDA7111B585F650029D29D /* Info.plist */,
			);
			name = "Supporting Files";
			sourceTree = "<group>";
		};
		C7DED04DAE766F40722F62B5 /* Pods */ = {
			isa = PBXGroup;
			children = (
				F945100C76CB8545DC64E837 /* Pods.debug.xcconfig */,
				2BB75701B92FE168B3785FD8 /* Pods.release.xcconfig */,
			);
			name = Pods;
			sourceTree = "<group>";
		};
		DF3DC48B77314A2BA614CB58 /* Frameworks */ = {
			isa = PBXGroup;
			children = (
				96CA59D11BE14E2200618B57 /* MessageUI.framework */,
				96CA59CF1BE14C2E00618B57 /* UIKit.framework */,
				36250BDD1B82704300F456B5 /* FBSDKLoginKit.framework */,
				36250BDE1B82704300F456B5 /* FBSDKShareKit.framework */,
				36DD24271B7D723A00C6348F /* FBSDKCoreKit.framework */,
				46FE088B27B54BA7AAE65CC4 /* libPods.a */,
			);
			name = Frameworks;
			sourceTree = "<group>";
		};
/* End PBXGroup section */

/* Begin PBXNativeTarget section */
		36FDA6EF1B585F650029D29D /* ooApp */ = {
			isa = PBXNativeTarget;
			buildConfigurationList = 36FDA7161B585F650029D29D /* Build configuration list for PBXNativeTarget "ooApp" */;
			buildPhases = (
				923BDA435A444C3D92CBD745 /* Check Pods Manifest.lock */,
				36FDA6EC1B585F650029D29D /* Sources */,
				36FDA6ED1B585F650029D29D /* Frameworks */,
				36FDA6EE1B585F650029D29D /* Resources */,
				033F4D03E9A84D9A8E0A34A7 /* Copy Pods Resources */,
				36CCCABB1BD5381300165761 /* ShellScript */,
				70CE0A65EBCB24B3139CCF4F /* Embed Pods Frameworks */,
			);
			buildRules = (
			);
			dependencies = (
			);
			name = ooApp;
			productName = ooApp;
			productReference = 36FDA6F01B585F650029D29D /* Oomami.app */;
			productType = "com.apple.product-type.application";
		};
		36FDA70B1B585F650029D29D /* ooAppTests */ = {
			isa = PBXNativeTarget;
			buildConfigurationList = 36FDA7191B585F650029D29D /* Build configuration list for PBXNativeTarget "ooAppTests" */;
			buildPhases = (
				36FDA7081B585F650029D29D /* Sources */,
				36FDA7091B585F650029D29D /* Frameworks */,
				36FDA70A1B585F650029D29D /* Resources */,
			);
			buildRules = (
			);
			dependencies = (
				36FDA70E1B585F650029D29D /* PBXTargetDependency */,
			);
			name = ooAppTests;
			productName = ooAppTests;
			productReference = 36FDA70C1B585F650029D29D /* ooAppTests.xctest */;
			productType = "com.apple.product-type.bundle.unit-test";
		};
/* End PBXNativeTarget section */

/* Begin PBXProject section */
		36FDA6E81B585F650029D29D /* Project object */ = {
			isa = PBXProject;
			attributes = {
				LastUpgradeCheck = 0700;
				ORGANIZATIONNAME = "Oomami Inc.";
				TargetAttributes = {
					36FDA6EF1B585F650029D29D = {
						CreatedOnToolsVersion = 6.4;
						DevelopmentTeam = XP52D9KRG4;
					};
					36FDA70B1B585F650029D29D = {
						CreatedOnToolsVersion = 6.4;
						TestTargetID = 36FDA6EF1B585F650029D29D;
					};
				};
			};
			buildConfigurationList = 36FDA6EB1B585F650029D29D /* Build configuration list for PBXProject "ooApp" */;
			compatibilityVersion = "Xcode 3.2";
			developmentRegion = English;
			hasScannedForEncodings = 0;
			knownRegions = (
				en,
				Base,
			);
			mainGroup = 36FDA6E71B585F650029D29D;
			productRefGroup = 36FDA6F11B585F650029D29D /* Products */;
			projectDirPath = "";
			projectRoot = "";
			targets = (
				36FDA6EF1B585F650029D29D /* ooApp */,
				36FDA70B1B585F650029D29D /* ooAppTests */,
			);
		};
/* End PBXProject section */

/* Begin PBXResourcesBuildPhase section */
		36FDA6EE1B585F650029D29D /* Resources */ = {
			isa = PBXResourcesBuildPhase;
			buildActionMask = 2147483647;
			files = (
				367704571B8BF05100B594E5 /* Lato-Heavy.ttf in Resources */,
				3677045A1B8BF05100B594E5 /* Lato-Light.ttf in Resources */,
				96F4C5631BB1E01C0009E9FE /* No-Profile_Image(circled).png in Resources */,
				3677045D1B8BF05100B594E5 /* Lato-MediumItalic.ttf in Resources */,
				367704551B8BF05100B594E5 /* Lato-Hairline.ttf in Resources */,
				367704521B8BF05100B594E5 /* Lato-BlackItalic.ttf in Resources */,
				367704541B8BF05100B594E5 /* Lato-BoldItalic.ttf in Resources */,
				96F4C5621BB1E01C0009E9FE /* No-Profile_Image.png in Resources */,
				963E33951BE022E300C872D0 /* Huge.jpg in Resources */,
				367704591B8BF05100B594E5 /* Lato-Italic.ttf in Resources */,
				36587B711B93964C00D01EB5 /* Icon@2x.png in Resources */,
				36FDA7021B585F650029D29D /* Main.storyboard in Resources */,
				3679D2051BAC8887004BF4DC /* oomami-icons.ttf in Resources */,
				36587B721B93964C00D01EB5 /* Icon@3x.png in Resources */,
				367704621B8BF05100B594E5 /* Lato-ThinItalic.ttf in Resources */,
				367704631B8BF05100B594E5 /* OFL.txt in Resources */,
				367704641B8BF05100B594E5 /* README.txt in Resources */,
				367704371B88552E00B594E5 /* background-image.jpg in Resources */,
				36FDA7071B585F650029D29D /* LaunchScreen.xib in Resources */,
				367704601B8BF05100B594E5 /* Lato-SemiboldItalic.ttf in Resources */,
				3677045E1B8BF05100B594E5 /* Lato-Regular.ttf in Resources */,
				3677045C1B8BF05100B594E5 /* Lato-Medium.ttf in Resources */,
				3677045B1B8BF05100B594E5 /* Lato-LightItalic.ttf in Resources */,
				367704511B8BF05100B594E5 /* Lato-Black.ttf in Resources */,
				367704531B8BF05100B594E5 /* Lato-Bold.ttf in Resources */,
				367704581B8BF05100B594E5 /* Lato-HeavyItalic.ttf in Resources */,
				3621F1251B900EC7004537B6 /* Logo.png in Resources */,
				367704611B8BF05100B594E5 /* Lato-Thin.ttf in Resources */,
				3613BE4C1BBC641C00F1AF67 /* strip_gradient.png in Resources */,
				36FDA7041B585F650029D29D /* Images.xcassets in Resources */,
				367704561B8BF05100B594E5 /* Lato-HairlineItalic.ttf in Resources */,
				3677045F1B8BF05100B594E5 /* Lato-Semibold.ttf in Resources */,
				3621F1261B900EC7004537B6 /* Logo2.png in Resources */,
				962303751BB33D2700278FA6 /* forkKnife.png in Resources */,
			);
			runOnlyForDeploymentPostprocessing = 0;
		};
		36FDA70A1B585F650029D29D /* Resources */ = {
			isa = PBXResourcesBuildPhase;
			buildActionMask = 2147483647;
			files = (
			);
			runOnlyForDeploymentPostprocessing = 0;
		};
/* End PBXResourcesBuildPhase section */

/* Begin PBXShellScriptBuildPhase section */
		033F4D03E9A84D9A8E0A34A7 /* Copy Pods Resources */ = {
			isa = PBXShellScriptBuildPhase;
			buildActionMask = 2147483647;
			files = (
			);
			inputPaths = (
			);
			name = "Copy Pods Resources";
			outputPaths = (
			);
			runOnlyForDeploymentPostprocessing = 0;
			shellPath = /bin/sh;
			shellScript = "\"${SRCROOT}/Pods/Target Support Files/Pods/Pods-resources.sh\"\n";
			showEnvVarsInLog = 0;
		};
		36CCCABB1BD5381300165761 /* ShellScript */ = {
			isa = PBXShellScriptBuildPhase;
			buildActionMask = 2147483647;
			files = (
			);
			inputPaths = (
			);
			outputPaths = (
			);
			runOnlyForDeploymentPostprocessing = 0;
			shellPath = /bin/sh;
			shellScript = "FILE=\"${SRCROOT}/HockeySDK-iOS/BuildAgent\"\nif [ -f \"$FILE\" ]; then\n\"$FILE\"\nfi";
		};
		70CE0A65EBCB24B3139CCF4F /* Embed Pods Frameworks */ = {
			isa = PBXShellScriptBuildPhase;
			buildActionMask = 2147483647;
			files = (
			);
			inputPaths = (
			);
			name = "Embed Pods Frameworks";
			outputPaths = (
			);
			runOnlyForDeploymentPostprocessing = 0;
			shellPath = /bin/sh;
			shellScript = "\"${SRCROOT}/Pods/Target Support Files/Pods/Pods-frameworks.sh\"\n";
			showEnvVarsInLog = 0;
		};
		923BDA435A444C3D92CBD745 /* Check Pods Manifest.lock */ = {
			isa = PBXShellScriptBuildPhase;
			buildActionMask = 2147483647;
			files = (
			);
			inputPaths = (
			);
			name = "Check Pods Manifest.lock";
			outputPaths = (
			);
			runOnlyForDeploymentPostprocessing = 0;
			shellPath = /bin/sh;
			shellScript = "diff \"${PODS_ROOT}/../Podfile.lock\" \"${PODS_ROOT}/Manifest.lock\" > /dev/null\nif [[ $? != 0 ]] ; then\n    cat << EOM\nerror: The sandbox is not in sync with the Podfile.lock. Run 'pod install' or update your CocoaPods installation.\nEOM\n    exit 1\nfi\n";
			showEnvVarsInLog = 0;
		};
/* End PBXShellScriptBuildPhase section */

/* Begin PBXSourcesBuildPhase section */
		36FDA6EC1B585F650029D29D /* Sources */ = {
			isa = PBXSourcesBuildPhase;
			buildActionMask = 2147483647;
			files = (
				36FDA6FF1B585F650029D29D /* PlayVC.m in Sources */,
				36F7F6901BDAB02F000F8C32 /* HoursOpen.m in Sources */,
				366BBC8E1BA8B74A00292F80 /* NavTitleObject.m in Sources */,
				36FDA6F91B585F650029D29D /* AppDelegate.m in Sources */,
				36D5D21A1B69DA48009EE877 /* OONetworkManager.m in Sources */,
				3613BE611BC5D87E00F1AF67 /* ListsVC.m in Sources */,
				367B453D1BCE62BC00E96B69 /* RestaurantMainCVCell.m in Sources */,
				96E270AF1BDAC001005BC4EC /* VotingResultsVC.m in Sources */,
				3690BFD41B745A9200BC7528 /* OOAPI.m in Sources */,
				363B60C11B6AC15400987A1B /* RestaurantObject.m in Sources */,
				96ACD78A1BC3487E00E37DC1 /* EventCoordinatorVC.m in Sources */,
				363B60C71B6BF0CE00987A1B /* GroupObject.m in Sources */,
				964BC81E1B97935F00760C83 /* Settings.m in Sources */,
				366BBC971BA9304900292F80 /* SubBaseVC.m in Sources */,
				367B453A1BCE3A7200E96B69 /* PhotoCVCell.m in Sources */,
				367B45401BD06AB600E96B69 /* OOStripHeader.m in Sources */,
				3613BE551BBDD1A600F1AF67 /* MediaItemObject.m in Sources */,
				96ACD7871BC3331000E37DC1 /* EventTVCell.m in Sources */,
				3677040B1B8816C300B594E5 /* UILabel+Additions.m in Sources */,
				367112CE1B9A076B006FDCE7 /* ImageRefObject.m in Sources */,
				3621F1291B9014DD004537B6 /* ProfileVC.m in Sources */,
				36250BDC1B82679A00F456B5 /* LoginVC.m in Sources */,
				367704051B8807F600B594E5 /* UIButton+Additions.m in Sources */,
				366BBC941BA8E59F00292F80 /* DiscoverVC.m in Sources */,
				367112D11BA13E69006FDCE7 /* ObjectTVCell.m in Sources */,
				363B60C41B6AE49F00987A1B /* UserObject.m in Sources */,
				36587B7B1B9423D700D01EB5 /* TileCVCell.m in Sources */,
				966E083A1BC6E38800A4B866 /* EventWhoVC.m in Sources */,
				36FDA6FC1B585F650029D29D /* WhatsNewVC.m in Sources */,
				967124961BB5E6A900F28904 /* DiagnosticVC.m in Sources */,
				9606C5651BBF08C400CB06FE /* EventsListVC.m in Sources */,
				3621F1221B8F7E7A004537B6 /* MenuObject.m in Sources */,
				3613BE4A1BBA330000F1AF67 /* OOMapMarker.m in Sources */,
				96E127B61BB32C6E00A8445E /* EmptyListVC.m in Sources */,
				3613BE4F1BBCBDF700F1AF67 /* OOTagButton.m in Sources */,
				962667471BBC8C9600D77EBE /* UserTVCell.m in Sources */,
				365F17611B9105B500015D5D /* ListStripTVCell.m in Sources */,
				3613BE5E1BC46BE800F1AF67 /* FilterObject.m in Sources */,
				3686490C1BE04B73003BF98B /* UIImageEffects.m in Sources */,
				366B623F1B8D3ED700B9F1C5 /* SWRevealViewController.m in Sources */,
				96D175BB1BA76926000C88AC /* NSString+MD5.m in Sources */,
				367B45371BCCA9B100E96B69 /* RestaurantVCCVL.m in Sources */,
				96E954E21BDFF99100F5197A /* Reachability.m in Sources */,
				36BBD9D81BA767C20008DCF1 /* RestaurantVC.m in Sources */,
				3613BE521BBCFB7000F1AF67 /* EmptyRestaurantTile.m in Sources */,
				36FDA6F61B585F650029D29D /* main.m in Sources */,
				36587B751B93C7AD00D01EB5 /* ListCVFL.m in Sources */,
				3613BE581BBE278400F1AF67 /* ListTVCell.m in Sources */,
				3686490F1BE09CF3003BF98B /* OOActivityItemProvider.m in Sources */,
				36C39BE11B84C7CD00648879 /* DebugUtilities.m in Sources */,
				36DD24261B7C88E800C6348F /* EventObject.m in Sources */,
				3613BE471BB9CF6000F1AF67 /* TimeUtilities.m in Sources */,
				366BBC911BA8DEB400292F80 /* SettingsVC.m in Sources */,
				36F872D91B919BC200006C29 /* ListObject.m in Sources */,
				367704081B88103900B594E5 /* UIImage+Additions.m in Sources */,
				3637E93B1BB439290074A01C /* RestaurantTVCell.m in Sources */,
				96D35F7D1B9F879200A18A23 /* Common.m in Sources */,
				3637E93D1BB5B6D10074A01C /* CommonConstants.m in Sources */,
				3621F11B1B8E6A06004537B6 /* MenuTVC.m in Sources */,
				367112D41BA14071006FDCE7 /* RestaurantListVC.m in Sources */,
				365F175E1B91046B00015D5D /* DefaultVC.m in Sources */,
				367703FB1B86884700B594E5 /* CommonUIConstants.m in Sources */,
				965A1A971BBA05B500727773 /* SearchVC.m in Sources */,
				962B00C31BD95D22008790FD /* VoteObject.m in Sources */,
				3613BE5B1BC445A700F1AF67 /* OOFilterView.m in Sources */,
				3621F11F1B8F6E32004537B6 /* MenuTVCell.m in Sources */,
				96BF31231BB36C55002BFDD2 /* CreateUsernameVC.m in Sources */,
				366BBC8B1BA8B70100292F80 /* NavTitleView.m in Sources */,
				96E49E741BC5E14B008B70AF /* EventWhenVC.m in Sources */,
				96C3A3F41BC5F335009689E3 /* EventParticipantVC.m in Sources */,
				964BC8211B97A4E700760C83 /* LocationManager.m in Sources */,
				3621F12C1B901D24004537B6 /* BaseVC.m in Sources */,
			);
			runOnlyForDeploymentPostprocessing = 0;
		};
		36FDA7081B585F650029D29D /* Sources */ = {
			isa = PBXSourcesBuildPhase;
			buildActionMask = 2147483647;
			files = (
				36FDA7131B585F650029D29D /* ooAppTests.m in Sources */,
			);
			runOnlyForDeploymentPostprocessing = 0;
		};
/* End PBXSourcesBuildPhase section */

/* Begin PBXTargetDependency section */
		36FDA70E1B585F650029D29D /* PBXTargetDependency */ = {
			isa = PBXTargetDependency;
			target = 36FDA6EF1B585F650029D29D /* ooApp */;
			targetProxy = 36FDA70D1B585F650029D29D /* PBXContainerItemProxy */;
		};
/* End PBXTargetDependency section */

/* Begin PBXVariantGroup section */
		36FDA7001B585F650029D29D /* Main.storyboard */ = {
			isa = PBXVariantGroup;
			children = (
				36FDA7011B585F650029D29D /* Base */,
			);
			name = Main.storyboard;
			sourceTree = "<group>";
		};
		36FDA7051B585F650029D29D /* LaunchScreen.xib */ = {
			isa = PBXVariantGroup;
			children = (
				36FDA7061B585F650029D29D /* Base */,
			);
			name = LaunchScreen.xib;
			sourceTree = "<group>";
		};
/* End PBXVariantGroup section */

/* Begin XCBuildConfiguration section */
		36FDA7141B585F650029D29D /* Debug */ = {
			isa = XCBuildConfiguration;
			buildSettings = {
				ALWAYS_SEARCH_USER_PATHS = NO;
				CLANG_CXX_LANGUAGE_STANDARD = "gnu++0x";
				CLANG_CXX_LIBRARY = "libc++";
				CLANG_ENABLE_MODULES = YES;
				CLANG_ENABLE_OBJC_ARC = YES;
				CLANG_WARN_BOOL_CONVERSION = YES;
				CLANG_WARN_CONSTANT_CONVERSION = YES;
				CLANG_WARN_DIRECT_OBJC_ISA_USAGE = YES_ERROR;
				CLANG_WARN_EMPTY_BODY = YES;
				CLANG_WARN_ENUM_CONVERSION = YES;
				CLANG_WARN_INT_CONVERSION = YES;
				CLANG_WARN_OBJC_ROOT_CLASS = YES_ERROR;
				CLANG_WARN_UNREACHABLE_CODE = YES;
				CLANG_WARN__DUPLICATE_METHOD_MATCH = YES;
				CODE_SIGN_IDENTITY = "iPhone Developer";
				"CODE_SIGN_IDENTITY[sdk=iphoneos*]" = "iPhone Developer";
				COPY_PHASE_STRIP = NO;
				DEBUG_INFORMATION_FORMAT = "dwarf-with-dsym";
				ENABLE_STRICT_OBJC_MSGSEND = YES;
				ENABLE_TESTABILITY = YES;
				GCC_C_LANGUAGE_STANDARD = gnu99;
				GCC_DYNAMIC_NO_PIC = NO;
				GCC_NO_COMMON_BLOCKS = YES;
				GCC_OPTIMIZATION_LEVEL = 0;
				GCC_PREPROCESSOR_DEFINITIONS = (
					"DEBUG=1",
					"$(inherited)",
				);
				GCC_SYMBOLS_PRIVATE_EXTERN = NO;
				GCC_WARN_64_TO_32_BIT_CONVERSION = YES;
				GCC_WARN_ABOUT_RETURN_TYPE = YES_ERROR;
				GCC_WARN_UNDECLARED_SELECTOR = YES;
				GCC_WARN_UNINITIALIZED_AUTOS = YES_AGGRESSIVE;
				GCC_WARN_UNUSED_FUNCTION = YES;
				GCC_WARN_UNUSED_VARIABLE = YES;
				IPHONEOS_DEPLOYMENT_TARGET = 8.4;
				MTL_ENABLE_DEBUG_INFO = YES;
				ONLY_ACTIVE_ARCH = YES;
				OTHER_LDFLAGS = "";
				SDKROOT = iphoneos;
				TARGETED_DEVICE_FAMILY = "1,2";
			};
			name = Debug;
		};
		36FDA7151B585F650029D29D /* Release */ = {
			isa = XCBuildConfiguration;
			buildSettings = {
				ALWAYS_SEARCH_USER_PATHS = NO;
				CLANG_CXX_LANGUAGE_STANDARD = "gnu++0x";
				CLANG_CXX_LIBRARY = "libc++";
				CLANG_ENABLE_MODULES = YES;
				CLANG_ENABLE_OBJC_ARC = YES;
				CLANG_WARN_BOOL_CONVERSION = YES;
				CLANG_WARN_CONSTANT_CONVERSION = YES;
				CLANG_WARN_DIRECT_OBJC_ISA_USAGE = YES_ERROR;
				CLANG_WARN_EMPTY_BODY = YES;
				CLANG_WARN_ENUM_CONVERSION = YES;
				CLANG_WARN_INT_CONVERSION = YES;
				CLANG_WARN_OBJC_ROOT_CLASS = YES_ERROR;
				CLANG_WARN_UNREACHABLE_CODE = YES;
				CLANG_WARN__DUPLICATE_METHOD_MATCH = YES;
				CODE_SIGN_IDENTITY = "iPhone Distribution: Oomami Inc. (XP52D9KRG4)";
				"CODE_SIGN_IDENTITY[sdk=*]" = "iPhone Distribution: Oomami Inc. (XP52D9KRG4)";
				COPY_PHASE_STRIP = NO;
				DEBUG_INFORMATION_FORMAT = "dwarf-with-dsym";
				ENABLE_NS_ASSERTIONS = NO;
				ENABLE_STRICT_OBJC_MSGSEND = YES;
				GCC_C_LANGUAGE_STANDARD = gnu99;
				GCC_NO_COMMON_BLOCKS = YES;
				GCC_WARN_64_TO_32_BIT_CONVERSION = YES;
				GCC_WARN_ABOUT_RETURN_TYPE = YES_ERROR;
				GCC_WARN_UNDECLARED_SELECTOR = YES;
				GCC_WARN_UNINITIALIZED_AUTOS = YES_AGGRESSIVE;
				GCC_WARN_UNUSED_FUNCTION = YES;
				GCC_WARN_UNUSED_VARIABLE = YES;
				IPHONEOS_DEPLOYMENT_TARGET = 8.4;
				MTL_ENABLE_DEBUG_INFO = NO;
				ONLY_ACTIVE_ARCH = YES;
				OTHER_LDFLAGS = "";
				SDKROOT = iphoneos;
				TARGETED_DEVICE_FAMILY = "1,2";
				VALIDATE_PRODUCT = YES;
			};
			name = Release;
		};
		36FDA7171B585F650029D29D /* Debug */ = {
			isa = XCBuildConfiguration;
			baseConfigurationReference = F945100C76CB8545DC64E837 /* Pods.debug.xcconfig */;
			buildSettings = {
				ALWAYS_SEARCH_USER_PATHS = YES;
				ASSETCATALOG_COMPILER_APPICON_NAME = AppIcon;
				CODE_SIGN_IDENTITY = "iPhone Developer";
				"CODE_SIGN_IDENTITY[sdk=iphoneos*]" = "iPhone Developer";
				ENABLE_BITCODE = NO;
				FRAMEWORK_SEARCH_PATHS = (
					"Frameworks/**",
					"$(inherited)",
				);
				GCC_PRECOMPILE_PREFIX_HEADER = NO;
				GCC_PREFIX_HEADER = "$(SRCROOT)/ooApp/ooApp.pch";
				HEADER_SEARCH_PATHS = (
					"\"${PODS_ROOT}/Headers\"",
					"\"${PODS_ROOT}/Headers/AFNetworking\"",
				);
				INFOPLIST_FILE = ooApp/Info.plist;
				LD_RUNPATH_SEARCH_PATHS = "$(inherited) @executable_path/Frameworks";
				LIBRARY_SEARCH_PATHS = (
					"$(inherited)",
					"$(PROJECT_DIR)/Pods/build/Debug-iphoneos",
				);
				ONLY_ACTIVE_ARCH = YES;
				OTHER_LDFLAGS = (
					"$(inherited)",
					"-ObjC",
					"-l\"AFNetworking\"",
					"-framework",
					"\"CoreGraphics\"",
					"-framework",
					"\"MobileCoreServices\"",
					"-framework",
					"\"Security\"",
					"-framework",
					"\"SystemConfiguration\"",
				);
				PRECOMPS_INCLUDE_HEADERS_FROM_BUILT_PRODUCTS_DIR = YES;
				PRODUCT_BUNDLE_IDENTIFIER = com.oomamiapp.oomami;
				PRODUCT_NAME = Oomami;
				PROVISIONING_PROFILE = "";
				SCAN_ALL_SOURCE_FILES_FOR_INCLUDES = NO;
				VALIDATE_PRODUCT = NO;
				VALID_ARCHS = "arm64 armv7 armv7s";
			};
			name = Debug;
		};
		36FDA7181B585F650029D29D /* Release */ = {
			isa = XCBuildConfiguration;
			baseConfigurationReference = 2BB75701B92FE168B3785FD8 /* Pods.release.xcconfig */;
			buildSettings = {
				ALWAYS_SEARCH_USER_PATHS = YES;
				ASSETCATALOG_COMPILER_APPICON_NAME = AppIcon;
				CODE_SIGN_IDENTITY = "iPhone Distribution: Oomami Inc. (XP52D9KRG4)";
				"CODE_SIGN_IDENTITY[sdk=*]" = "iPhone Distribution: Oomami Inc. (XP52D9KRG4)";
				"CODE_SIGN_IDENTITY[sdk=iphoneos*]" = "iPhone Distribution: Oomami Inc. (XP52D9KRG4)";
				ENABLE_BITCODE = NO;
				FRAMEWORK_SEARCH_PATHS = (
					"Frameworks/**",
					"$(inherited)",
				);
				GCC_PRECOMPILE_PREFIX_HEADER = NO;
				GCC_PREFIX_HEADER = "$(SRCROOT)/ooApp/ooApp.pch";
				HEADER_SEARCH_PATHS = (
					"\"${PODS_ROOT}/Headers\"",
					"\"${PODS_ROOT}/Headers/AFNetworking\"",
				);
				INFOPLIST_FILE = ooApp/Info.plist;
				LD_RUNPATH_SEARCH_PATHS = "$(inherited) @executable_path/Frameworks";
				LIBRARY_SEARCH_PATHS = (
					"$(inherited)",
					"$(PROJECT_DIR)/Pods/build/Debug-iphoneos",
				);
				ONLY_ACTIVE_ARCH = YES;
				OTHER_LDFLAGS = (
					"$(inherited)",
					"-ObjC",
					"-l\"AFNetworking\"",
					"-framework",
					"\"CoreGraphics\"",
					"-framework",
					"\"MobileCoreServices\"",
					"-framework",
					"\"Security\"",
					"-framework",
					"\"SystemConfiguration\"",
				);
				PRECOMPS_INCLUDE_HEADERS_FROM_BUILT_PRODUCTS_DIR = YES;
				PRODUCT_BUNDLE_IDENTIFIER = com.oomamiapp.oomami;
				PRODUCT_NAME = Oomami;
				PROVISIONING_PROFILE = "";
				SCAN_ALL_SOURCE_FILES_FOR_INCLUDES = NO;
				VALIDATE_PRODUCT = YES;
				VALID_ARCHS = "arm64 armv7 armv7s";
			};
			name = Release;
		};
		36FDA71A1B585F650029D29D /* Debug */ = {
			isa = XCBuildConfiguration;
			buildSettings = {
				BUNDLE_LOADER = "$(TEST_HOST)";
				FRAMEWORK_SEARCH_PATHS = (
					"$(SDKROOT)/Developer/Library/Frameworks",
					"$(inherited)",
				);
				GCC_PREPROCESSOR_DEFINITIONS = (
					"DEBUG=1",
					"$(inherited)",
				);
				INFOPLIST_FILE = ooAppTests/Info.plist;
				LD_RUNPATH_SEARCH_PATHS = "$(inherited) @executable_path/Frameworks @loader_path/Frameworks";
				PRODUCT_BUNDLE_IDENTIFIER = "com.oomami.$(PRODUCT_NAME:rfc1034identifier)";
				PRODUCT_NAME = "$(TARGET_NAME)";
				TEST_HOST = "$(BUILT_PRODUCTS_DIR)/ooApp.app/ooApp";
			};
			name = Debug;
		};
		36FDA71B1B585F650029D29D /* Release */ = {
			isa = XCBuildConfiguration;
			buildSettings = {
				BUNDLE_LOADER = "$(TEST_HOST)";
				FRAMEWORK_SEARCH_PATHS = (
					"$(SDKROOT)/Developer/Library/Frameworks",
					"$(inherited)",
				);
				INFOPLIST_FILE = ooAppTests/Info.plist;
				LD_RUNPATH_SEARCH_PATHS = "$(inherited) @executable_path/Frameworks @loader_path/Frameworks";
				PRODUCT_BUNDLE_IDENTIFIER = "com.oomami.$(PRODUCT_NAME:rfc1034identifier)";
				PRODUCT_NAME = "$(TARGET_NAME)";
				TEST_HOST = "$(BUILT_PRODUCTS_DIR)/ooApp.app/ooApp";
			};
			name = Release;
		};
/* End XCBuildConfiguration section */

/* Begin XCConfigurationList section */
		36FDA6EB1B585F650029D29D /* Build configuration list for PBXProject "ooApp" */ = {
			isa = XCConfigurationList;
			buildConfigurations = (
				36FDA7141B585F650029D29D /* Debug */,
				36FDA7151B585F650029D29D /* Release */,
			);
			defaultConfigurationIsVisible = 0;
			defaultConfigurationName = Release;
		};
		36FDA7161B585F650029D29D /* Build configuration list for PBXNativeTarget "ooApp" */ = {
			isa = XCConfigurationList;
			buildConfigurations = (
				36FDA7171B585F650029D29D /* Debug */,
				36FDA7181B585F650029D29D /* Release */,
			);
			defaultConfigurationIsVisible = 0;
			defaultConfigurationName = Release;
		};
		36FDA7191B585F650029D29D /* Build configuration list for PBXNativeTarget "ooAppTests" */ = {
			isa = XCConfigurationList;
			buildConfigurations = (
				36FDA71A1B585F650029D29D /* Debug */,
				36FDA71B1B585F650029D29D /* Release */,
			);
			defaultConfigurationIsVisible = 0;
			defaultConfigurationName = Release;
		};
/* End XCConfigurationList section */
	};
	rootObject = 36FDA6E81B585F650029D29D /* Project object */;
}
